// !$*UTF8*$!
{
	archiveVersion = 1;
	classes = {
	};
	objectVersion = 46;
	objects = {

/* Begin PBXBuildFile section */
		A34DBFD2C488A5CB6E7E2EFC /* libPods.a in Frameworks */ = {isa = PBXBuildFile; fileRef = 2823AFD5ABA09767DD4F0623 /* libPods.a */; };
		B811E4691BDD3CF90077EAF5 /* NGOSegmentControl.m in Sources */ = {isa = PBXBuildFile; fileRef = B811E4681BDD3CF90077EAF5 /* NGOSegmentControl.m */; settings = {ASSET_TAGS = (); }; };
		B865C1631BDC95B000C1E681 /* HMOrderModel.m in Sources */ = {isa = PBXBuildFile; fileRef = B865C1621BDC95B000C1E681 /* HMOrderModel.m */; settings = {ASSET_TAGS = (); }; };
		B865C1661BDC969700C1E681 /* HMStudentModel.m in Sources */ = {isa = PBXBuildFile; fileRef = B865C1651BDC969700C1E681 /* HMStudentModel.m */; settings = {ASSET_TAGS = (); }; };
		B865C16A1BDC9ABB00C1E681 /* HMClassModel.m in Sources */ = {isa = PBXBuildFile; fileRef = B865C1691BDC9ABB00C1E681 /* HMClassModel.m */; settings = {ASSET_TAGS = (); }; };
		B865C1701BDC9D8E00C1E681 /* HMSchoolModel.m in Sources */ = {isa = PBXBuildFile; fileRef = B865C16F1BDC9D8E00C1E681 /* HMSchoolModel.m */; settings = {ASSET_TAGS = (); }; };
		B865C1731BDC9F1C00C1E681 /* HMPorTraitModel.m in Sources */ = {isa = PBXBuildFile; fileRef = B865C1721BDC9F1C00C1E681 /* HMPorTraitModel.m */; settings = {ASSET_TAGS = (); }; };
		B865C1761BDCA0B400C1E681 /* RefreshTableView.m in Sources */ = {isa = PBXBuildFile; fileRef = B865C1751BDCA0B400C1E681 /* RefreshTableView.m */; settings = {ASSET_TAGS = (); }; };
		B865C1791BDCA49400C1E681 /* OrderSummaryListCell.m in Sources */ = {isa = PBXBuildFile; fileRef = B865C1781BDCA49400C1E681 /* OrderSummaryListCell.m */; settings = {ASSET_TAGS = (); }; };
		B865C17C1BDCA4A300C1E681 /* OrderSummaryDayCell.m in Sources */ = {isa = PBXBuildFile; fileRef = B865C17B1BDCA4A300C1E681 /* OrderSummaryDayCell.m */; settings = {ASSET_TAGS = (); }; };
		B865C17F1BDCA4D600C1E681 /* PortraitView.m in Sources */ = {isa = PBXBuildFile; fileRef = B865C17E1BDCA4D600C1E681 /* PortraitView.m */; settings = {ASSET_TAGS = (); }; };
		B865C1821BDD2DE800C1E681 /* BaseModelMethod.m in Sources */ = {isa = PBXBuildFile; fileRef = B865C1811BDD2DE800C1E681 /* BaseModelMethod.m */; settings = {ASSET_TAGS = (); }; };
		B86EB3561BDB50EB0014EBD7 /* main.m in Sources */ = {isa = PBXBuildFile; fileRef = B86EB3551BDB50EB0014EBD7 /* main.m */; };
		B86EB3591BDB50EB0014EBD7 /* AppDelegate.m in Sources */ = {isa = PBXBuildFile; fileRef = B86EB3581BDB50EB0014EBD7 /* AppDelegate.m */; };
		B86EB3611BDB50EB0014EBD7 /* Assets.xcassets in Resources */ = {isa = PBXBuildFile; fileRef = B86EB3601BDB50EB0014EBD7 /* Assets.xcassets */; };
		B8AFED191BDB96AC00EF8726 /* OrderViewController.m in Sources */ = {isa = PBXBuildFile; fileRef = B8AFED181BDB96AC00EF8726 /* OrderViewController.m */; settings = {ASSET_TAGS = (); }; };
		B8AFED1D1BDB988000EF8726 /* UserCenterController.m in Sources */ = {isa = PBXBuildFile; fileRef = B8AFED1C1BDB988000EF8726 /* UserCenterController.m */; settings = {ASSET_TAGS = (); }; };
		B8C458571BDB592B00901F71 /* HMNagationController.m in Sources */ = {isa = PBXBuildFile; fileRef = B8C458561BDB592B00901F71 /* HMNagationController.m */; settings = {ASSET_TAGS = (); }; };
		B8C4586E1BDB59AC00901F71 /* AFNetworkActivityLogger.m in Sources */ = {isa = PBXBuildFile; fileRef = B8C4585B1BDB59AC00901F71 /* AFNetworkActivityLogger.m */; settings = {ASSET_TAGS = (); }; };
		B8C4586F1BDB59AC00901F71 /* YiRefreshFooter.m in Sources */ = {isa = PBXBuildFile; fileRef = B8C4585F1BDB59AC00901F71 /* YiRefreshFooter.m */; settings = {ASSET_TAGS = (); }; };
		B8C458701BDB59AC00901F71 /* YiRefreshHeader.m in Sources */ = {isa = PBXBuildFile; fileRef = B8C458611BDB59AC00901F71 /* YiRefreshHeader.m */; settings = {ASSET_TAGS = (); }; };
		B8C458711BDB59AC00901F71 /* RFSegmentView.m in Sources */ = {isa = PBXBuildFile; fileRef = B8C458641BDB59AC00901F71 /* RFSegmentView.m */; settings = {ASSET_TAGS = (); }; };
		B8C458721BDB59AC00901F71 /* UIView+Sizes.m in Sources */ = {isa = PBXBuildFile; fileRef = B8C458691BDB59AC00901F71 /* UIView+Sizes.m */; settings = {ASSET_TAGS = (); }; };
		B8C458731BDB59AC00901F71 /* UIView+TKCategory.m in Sources */ = {isa = PBXBuildFile; fileRef = B8C4586B1BDB59AC00901F71 /* UIView+TKCategory.m */; settings = {ASSET_TAGS = (); }; };
		B8C458741BDB59AC00901F71 /* UIViewAdditions.m in Sources */ = {isa = PBXBuildFile; fileRef = B8C4586D1BDB59AC00901F71 /* UIViewAdditions.m */; settings = {ASSET_TAGS = (); }; };
		B8C4587C1BDB5ABB00901F71 /* NSDictionary+StrDic.m in Sources */ = {isa = PBXBuildFile; fileRef = B8C4587B1BDB5ABB00901F71 /* NSDictionary+StrDic.m */; settings = {ASSET_TAGS = (); }; };
		B8C458801BDB5B5C00901F71 /* ToastAlertView.m in Sources */ = {isa = PBXBuildFile; fileRef = B8C4587F1BDB5B5C00901F71 /* ToastAlertView.m */; settings = {ASSET_TAGS = (); }; };
		B8C458841BDB5B8E00901F71 /* UIViewController+Method.m in Sources */ = {isa = PBXBuildFile; fileRef = B8C458831BDB5B8E00901F71 /* UIViewController+Method.m */; settings = {ASSET_TAGS = (); }; };
		B8C458881BDB5BAD00901F71 /* NetWorkEntiry.m in Sources */ = {isa = PBXBuildFile; fileRef = B8C458871BDB5BAD00901F71 /* NetWorkEntiry.m */; settings = {ASSET_TAGS = (); }; };
/* End PBXBuildFile section */

/* Begin PBXFileReference section */
		1371250ABB78626F8329AC98 /* Pods.debug.xcconfig */ = {isa = PBXFileReference; includeInIndex = 1; lastKnownFileType = text.xcconfig; name = Pods.debug.xcconfig; path = "Pods/Target Support Files/Pods/Pods.debug.xcconfig"; sourceTree = "<group>"; };
		2823AFD5ABA09767DD4F0623 /* libPods.a */ = {isa = PBXFileReference; explicitFileType = archive.ar; includeInIndex = 0; path = libPods.a; sourceTree = BUILT_PRODUCTS_DIR; };
		61865CEFE68BFD5A7D344240 /* Pods.release.xcconfig */ = {isa = PBXFileReference; includeInIndex = 1; lastKnownFileType = text.xcconfig; name = Pods.release.xcconfig; path = "Pods/Target Support Files/Pods/Pods.release.xcconfig"; sourceTree = "<group>"; };
		B811E4671BDD3CF90077EAF5 /* NGOSegmentControl.h */ = {isa = PBXFileReference; fileEncoding = 4; lastKnownFileType = sourcecode.c.h; path = NGOSegmentControl.h; sourceTree = "<group>"; };
		B811E4681BDD3CF90077EAF5 /* NGOSegmentControl.m */ = {isa = PBXFileReference; fileEncoding = 4; lastKnownFileType = sourcecode.c.objc; path = NGOSegmentControl.m; sourceTree = "<group>"; };
		B865C1611BDC95B000C1E681 /* HMOrderModel.h */ = {isa = PBXFileReference; fileEncoding = 4; lastKnownFileType = sourcecode.c.h; name = HMOrderModel.h; path = HeiMao_B/DataModel/HMOrderModel.h; sourceTree = "<group>"; };
		B865C1621BDC95B000C1E681 /* HMOrderModel.m */ = {isa = PBXFileReference; fileEncoding = 4; lastKnownFileType = sourcecode.c.objc; name = HMOrderModel.m; path = HeiMao_B/DataModel/HMOrderModel.m; sourceTree = "<group>"; };
		B865C1641BDC969700C1E681 /* HMStudentModel.h */ = {isa = PBXFileReference; fileEncoding = 4; lastKnownFileType = sourcecode.c.h; name = HMStudentModel.h; path = HeiMao_B/DataModel/HMStudentModel.h; sourceTree = "<group>"; };
		B865C1651BDC969700C1E681 /* HMStudentModel.m */ = {isa = PBXFileReference; fileEncoding = 4; lastKnownFileType = sourcecode.c.objc; name = HMStudentModel.m; path = HeiMao_B/DataModel/HMStudentModel.m; sourceTree = "<group>"; };
		B865C1671BDC970700C1E681 /* ModelDefine.h */ = {isa = PBXFileReference; lastKnownFileType = sourcecode.c.h; path = ModelDefine.h; sourceTree = "<group>"; };
		B865C1681BDC9ABB00C1E681 /* HMClassModel.h */ = {isa = PBXFileReference; fileEncoding = 4; lastKnownFileType = sourcecode.c.h; path = HMClassModel.h; sourceTree = "<group>"; };
		B865C1691BDC9ABB00C1E681 /* HMClassModel.m */ = {isa = PBXFileReference; fileEncoding = 4; lastKnownFileType = sourcecode.c.objc; path = HMClassModel.m; sourceTree = "<group>"; };
		B865C16E1BDC9D8E00C1E681 /* HMSchoolModel.h */ = {isa = PBXFileReference; fileEncoding = 4; lastKnownFileType = sourcecode.c.h; path = HMSchoolModel.h; sourceTree = "<group>"; };
		B865C16F1BDC9D8E00C1E681 /* HMSchoolModel.m */ = {isa = PBXFileReference; fileEncoding = 4; lastKnownFileType = sourcecode.c.objc; path = HMSchoolModel.m; sourceTree = "<group>"; };
		B865C1711BDC9F1C00C1E681 /* HMPorTraitModel.h */ = {isa = PBXFileReference; fileEncoding = 4; lastKnownFileType = sourcecode.c.h; path = HMPorTraitModel.h; sourceTree = "<group>"; };
		B865C1721BDC9F1C00C1E681 /* HMPorTraitModel.m */ = {isa = PBXFileReference; fileEncoding = 4; lastKnownFileType = sourcecode.c.objc; path = HMPorTraitModel.m; sourceTree = "<group>"; };
		B865C1741BDCA0B400C1E681 /* RefreshTableView.h */ = {isa = PBXFileReference; fileEncoding = 4; lastKnownFileType = sourcecode.c.h; path = RefreshTableView.h; sourceTree = "<group>"; };
		B865C1751BDCA0B400C1E681 /* RefreshTableView.m */ = {isa = PBXFileReference; fileEncoding = 4; lastKnownFileType = sourcecode.c.objc; path = RefreshTableView.m; sourceTree = "<group>"; };
		B865C1771BDCA49400C1E681 /* OrderSummaryListCell.h */ = {isa = PBXFileReference; fileEncoding = 4; lastKnownFileType = sourcecode.c.h; path = OrderSummaryListCell.h; sourceTree = "<group>"; };
		B865C1781BDCA49400C1E681 /* OrderSummaryListCell.m */ = {isa = PBXFileReference; fileEncoding = 4; lastKnownFileType = sourcecode.c.objc; path = OrderSummaryListCell.m; sourceTree = "<group>"; };
		B865C17A1BDCA4A300C1E681 /* OrderSummaryDayCell.h */ = {isa = PBXFileReference; fileEncoding = 4; lastKnownFileType = sourcecode.c.h; path = OrderSummaryDayCell.h; sourceTree = "<group>"; };
		B865C17B1BDCA4A300C1E681 /* OrderSummaryDayCell.m */ = {isa = PBXFileReference; fileEncoding = 4; lastKnownFileType = sourcecode.c.objc; path = OrderSummaryDayCell.m; sourceTree = "<group>"; };
		B865C17D1BDCA4D600C1E681 /* PortraitView.h */ = {isa = PBXFileReference; fileEncoding = 4; lastKnownFileType = sourcecode.c.h; path = PortraitView.h; sourceTree = "<group>"; };
		B865C17E1BDCA4D600C1E681 /* PortraitView.m */ = {isa = PBXFileReference; fileEncoding = 4; lastKnownFileType = sourcecode.c.objc; path = PortraitView.m; sourceTree = "<group>"; };
		B865C1801BDD2DE800C1E681 /* BaseModelMethod.h */ = {isa = PBXFileReference; fileEncoding = 4; lastKnownFileType = sourcecode.c.h; path = BaseModelMethod.h; sourceTree = "<group>"; };
		B865C1811BDD2DE800C1E681 /* BaseModelMethod.m */ = {isa = PBXFileReference; fileEncoding = 4; lastKnownFileType = sourcecode.c.objc; path = BaseModelMethod.m; sourceTree = "<group>"; };
		B86EB3511BDB50EB0014EBD7 /* HeiMao_B.app */ = {isa = PBXFileReference; explicitFileType = wrapper.application; includeInIndex = 0; path = HeiMao_B.app; sourceTree = BUILT_PRODUCTS_DIR; };
		B86EB3551BDB50EB0014EBD7 /* main.m */ = {isa = PBXFileReference; lastKnownFileType = sourcecode.c.objc; path = main.m; sourceTree = "<group>"; };
		B86EB3571BDB50EB0014EBD7 /* AppDelegate.h */ = {isa = PBXFileReference; lastKnownFileType = sourcecode.c.h; path = AppDelegate.h; sourceTree = "<group>"; };
		B86EB3581BDB50EB0014EBD7 /* AppDelegate.m */ = {isa = PBXFileReference; lastKnownFileType = sourcecode.c.objc; path = AppDelegate.m; sourceTree = "<group>"; };
		B86EB3601BDB50EB0014EBD7 /* Assets.xcassets */ = {isa = PBXFileReference; lastKnownFileType = folder.assetcatalog; name = Assets.xcassets; path = HeiMao_B/Assets.xcassets; sourceTree = "<group>"; };
		B86EB3651BDB50EB0014EBD7 /* Info.plist */ = {isa = PBXFileReference; lastKnownFileType = text.plist.xml; name = Info.plist; path = HeiMao_B/Info.plist; sourceTree = "<group>"; };
		B8AFED171BDB96AC00EF8726 /* OrderViewController.h */ = {isa = PBXFileReference; fileEncoding = 4; lastKnownFileType = sourcecode.c.h; path = OrderViewController.h; sourceTree = "<group>"; };
		B8AFED181BDB96AC00EF8726 /* OrderViewController.m */ = {isa = PBXFileReference; fileEncoding = 4; lastKnownFileType = sourcecode.c.objc; path = OrderViewController.m; sourceTree = "<group>"; };
		B8AFED1B1BDB988000EF8726 /* UserCenterController.h */ = {isa = PBXFileReference; fileEncoding = 4; lastKnownFileType = sourcecode.c.h; path = UserCenterController.h; sourceTree = "<group>"; };
		B8AFED1C1BDB988000EF8726 /* UserCenterController.m */ = {isa = PBXFileReference; fileEncoding = 4; lastKnownFileType = sourcecode.c.objc; path = UserCenterController.m; sourceTree = "<group>"; };
		B8C4584C1BDB571A00901F71 /* PrefixHeader.pch */ = {isa = PBXFileReference; fileEncoding = 4; lastKnownFileType = sourcecode.c.h; path = PrefixHeader.pch; sourceTree = "<group>"; };
		B8C458551BDB592B00901F71 /* HMNagationController.h */ = {isa = PBXFileReference; fileEncoding = 4; lastKnownFileType = sourcecode.c.h; path = HMNagationController.h; sourceTree = "<group>"; };
		B8C458561BDB592B00901F71 /* HMNagationController.m */ = {isa = PBXFileReference; fileEncoding = 4; lastKnownFileType = sourcecode.c.objc; path = HMNagationController.m; sourceTree = "<group>"; };
		B8C4585A1BDB59AC00901F71 /* AFNetworkActivityLogger.h */ = {isa = PBXFileReference; fileEncoding = 4; lastKnownFileType = sourcecode.c.h; path = AFNetworkActivityLogger.h; sourceTree = "<group>"; };
		B8C4585B1BDB59AC00901F71 /* AFNetworkActivityLogger.m */ = {isa = PBXFileReference; fileEncoding = 4; lastKnownFileType = sourcecode.c.objc; path = AFNetworkActivityLogger.m; sourceTree = "<group>"; };
		B8C4585D1BDB59AC00901F71 /* Header.h */ = {isa = PBXFileReference; fileEncoding = 4; lastKnownFileType = sourcecode.c.h; path = Header.h; sourceTree = "<group>"; };
		B8C4585E1BDB59AC00901F71 /* YiRefreshFooter.h */ = {isa = PBXFileReference; fileEncoding = 4; lastKnownFileType = sourcecode.c.h; path = YiRefreshFooter.h; sourceTree = "<group>"; };
		B8C4585F1BDB59AC00901F71 /* YiRefreshFooter.m */ = {isa = PBXFileReference; fileEncoding = 4; lastKnownFileType = sourcecode.c.objc; path = YiRefreshFooter.m; sourceTree = "<group>"; };
		B8C458601BDB59AC00901F71 /* YiRefreshHeader.h */ = {isa = PBXFileReference; fileEncoding = 4; lastKnownFileType = sourcecode.c.h; path = YiRefreshHeader.h; sourceTree = "<group>"; };
		B8C458611BDB59AC00901F71 /* YiRefreshHeader.m */ = {isa = PBXFileReference; fileEncoding = 4; lastKnownFileType = sourcecode.c.objc; path = YiRefreshHeader.m; sourceTree = "<group>"; };
		B8C458631BDB59AC00901F71 /* RFSegmentView.h */ = {isa = PBXFileReference; fileEncoding = 4; lastKnownFileType = sourcecode.c.h; path = RFSegmentView.h; sourceTree = "<group>"; };
		B8C458641BDB59AC00901F71 /* RFSegmentView.m */ = {isa = PBXFileReference; fileEncoding = 4; lastKnownFileType = sourcecode.c.objc; path = RFSegmentView.m; sourceTree = "<group>"; };
		B8C458661BDB59AC00901F71 /* Dlog.h */ = {isa = PBXFileReference; fileEncoding = 4; lastKnownFileType = sourcecode.c.h; path = Dlog.h; sourceTree = "<group>"; };
		B8C458671BDB59AC00901F71 /* SWCommonMacro.h */ = {isa = PBXFileReference; fileEncoding = 4; lastKnownFileType = sourcecode.c.h; path = SWCommonMacro.h; sourceTree = "<group>"; };
		B8C458681BDB59AC00901F71 /* UIView+Sizes.h */ = {isa = PBXFileReference; fileEncoding = 4; lastKnownFileType = sourcecode.c.h; path = "UIView+Sizes.h"; sourceTree = "<group>"; };
		B8C458691BDB59AC00901F71 /* UIView+Sizes.m */ = {isa = PBXFileReference; fileEncoding = 4; lastKnownFileType = sourcecode.c.objc; path = "UIView+Sizes.m"; sourceTree = "<group>"; };
		B8C4586A1BDB59AC00901F71 /* UIView+TKCategory.h */ = {isa = PBXFileReference; fileEncoding = 4; lastKnownFileType = sourcecode.c.h; path = "UIView+TKCategory.h"; sourceTree = "<group>"; };
		B8C4586B1BDB59AC00901F71 /* UIView+TKCategory.m */ = {isa = PBXFileReference; fileEncoding = 4; lastKnownFileType = sourcecode.c.objc; path = "UIView+TKCategory.m"; sourceTree = "<group>"; };
		B8C4586C1BDB59AC00901F71 /* UIViewAdditions.h */ = {isa = PBXFileReference; fileEncoding = 4; lastKnownFileType = sourcecode.c.h; path = UIViewAdditions.h; sourceTree = "<group>"; };
		B8C4586D1BDB59AC00901F71 /* UIViewAdditions.m */ = {isa = PBXFileReference; fileEncoding = 4; lastKnownFileType = sourcecode.c.objc; path = UIViewAdditions.m; sourceTree = "<group>"; };
		B8C4587A1BDB5ABB00901F71 /* NSDictionary+StrDic.h */ = {isa = PBXFileReference; fileEncoding = 4; lastKnownFileType = sourcecode.c.h; path = "NSDictionary+StrDic.h"; sourceTree = "<group>"; };
		B8C4587B1BDB5ABB00901F71 /* NSDictionary+StrDic.m */ = {isa = PBXFileReference; fileEncoding = 4; lastKnownFileType = sourcecode.c.objc; path = "NSDictionary+StrDic.m"; sourceTree = "<group>"; };
		B8C4587E1BDB5B5C00901F71 /* ToastAlertView.h */ = {isa = PBXFileReference; fileEncoding = 4; lastKnownFileType = sourcecode.c.h; path = ToastAlertView.h; sourceTree = "<group>"; };
		B8C4587F1BDB5B5C00901F71 /* ToastAlertView.m */ = {isa = PBXFileReference; fileEncoding = 4; lastKnownFileType = sourcecode.c.objc; path = ToastAlertView.m; sourceTree = "<group>"; };
		B8C458821BDB5B8E00901F71 /* UIViewController+Method.h */ = {isa = PBXFileReference; fileEncoding = 4; lastKnownFileType = sourcecode.c.h; path = "UIViewController+Method.h"; sourceTree = "<group>"; };
		B8C458831BDB5B8E00901F71 /* UIViewController+Method.m */ = {isa = PBXFileReference; fileEncoding = 4; lastKnownFileType = sourcecode.c.objc; path = "UIViewController+Method.m"; sourceTree = "<group>"; };
		B8C458861BDB5BAD00901F71 /* NetWorkEntiry.h */ = {isa = PBXFileReference; fileEncoding = 4; lastKnownFileType = sourcecode.c.h; path = NetWorkEntiry.h; sourceTree = "<group>"; };
		B8C458871BDB5BAD00901F71 /* NetWorkEntiry.m */ = {isa = PBXFileReference; fileEncoding = 4; lastKnownFileType = sourcecode.c.objc; path = NetWorkEntiry.m; sourceTree = "<group>"; };
/* End PBXFileReference section */

/* Begin PBXFrameworksBuildPhase section */
		B86EB34E1BDB50EB0014EBD7 /* Frameworks */ = {
			isa = PBXFrameworksBuildPhase;
			buildActionMask = 2147483647;
			files = (
				A34DBFD2C488A5CB6E7E2EFC /* libPods.a in Frameworks */,
			);
			runOnlyForDeploymentPostprocessing = 0;
		};
/* End PBXFrameworksBuildPhase section */

/* Begin PBXGroup section */
		B23983D2EE43E3BC88B5F3F2 /* Pods */ = {
			isa = PBXGroup;
			children = (
				1371250ABB78626F8329AC98 /* Pods.debug.xcconfig */,
				61865CEFE68BFD5A7D344240 /* Pods.release.xcconfig */,
			);
			name = Pods;
			sourceTree = "<group>";
		};
		B636E4EC57D3A22E3FC68559 /* Frameworks */ = {
			isa = PBXGroup;
			children = (
				2823AFD5ABA09767DD4F0623 /* libPods.a */,
			);
			name = Frameworks;
			sourceTree = "<group>";
		};
		B865C1601BDC953E00C1E681 /* DataModel */ = {
			isa = PBXGroup;
			children = (
				B865C1671BDC970700C1E681 /* ModelDefine.h */,
				B865C1801BDD2DE800C1E681 /* BaseModelMethod.h */,
				B865C1811BDD2DE800C1E681 /* BaseModelMethod.m */,
				B865C1611BDC95B000C1E681 /* HMOrderModel.h */,
				B865C1621BDC95B000C1E681 /* HMOrderModel.m */,
				B865C1641BDC969700C1E681 /* HMStudentModel.h */,
				B865C1651BDC969700C1E681 /* HMStudentModel.m */,
				B865C1711BDC9F1C00C1E681 /* HMPorTraitModel.h */,
				B865C1721BDC9F1C00C1E681 /* HMPorTraitModel.m */,
				B865C1681BDC9ABB00C1E681 /* HMClassModel.h */,
				B865C1691BDC9ABB00C1E681 /* HMClassModel.m */,
				B865C16E1BDC9D8E00C1E681 /* HMSchoolModel.h */,
				B865C16F1BDC9D8E00C1E681 /* HMSchoolModel.m */,
			);
			name = DataModel;
			sourceTree = "<group>";
		};
		B86EB3481BDB50EB0014EBD7 = {
			isa = PBXGroup;
			children = (
				B865C1601BDC953E00C1E681 /* DataModel */,
				B86EB3531BDB50EB0014EBD7 /* HeiMao_B */,
				B86EB3601BDB50EB0014EBD7 /* Assets.xcassets */,
				B86EB3651BDB50EB0014EBD7 /* Info.plist */,
				B86EB3521BDB50EB0014EBD7 /* Products */,
				B23983D2EE43E3BC88B5F3F2 /* Pods */,
				B636E4EC57D3A22E3FC68559 /* Frameworks */,
			);
			sourceTree = "<group>";
		};
		B86EB3521BDB50EB0014EBD7 /* Products */ = {
			isa = PBXGroup;
			children = (
				B86EB3511BDB50EB0014EBD7 /* HeiMao_B.app */,
			);
			name = Products;
			sourceTree = "<group>";
		};
		B86EB3531BDB50EB0014EBD7 /* HeiMao_B */ = {
			isa = PBXGroup;
			children = (
				B86EB3571BDB50EB0014EBD7 /* AppDelegate.h */,
				B86EB3581BDB50EB0014EBD7 /* AppDelegate.m */,
				B8C4584C1BDB571A00901F71 /* PrefixHeader.pch */,
				B8AFED1A1BDB983B00EF8726 /* MyUserController */,
				B8AFED161BDB96A000EF8726 /* OrderViewController */,
				B8C458851BDB5B9200901F71 /* NetWorkEntity */,
				B8C458541BDB592B00901F71 /* NavigationController */,
				B8C458811BDB5B7600901F71 /* Common */,
				B8C458581BDB59AC00901F71 /* ThirdPary */,
				B86EB3541BDB50EB0014EBD7 /* Supporting Files */,
			);
			path = HeiMao_B;
			sourceTree = "<group>";
		};
		B86EB3541BDB50EB0014EBD7 /* Supporting Files */ = {
			isa = PBXGroup;
			children = (
				B86EB3551BDB50EB0014EBD7 /* main.m */,
			);
			name = "Supporting Files";
			sourceTree = "<group>";
		};
		B8AFED161BDB96A000EF8726 /* OrderViewController */ = {
			isa = PBXGroup;
			children = (
				B8AFED171BDB96AC00EF8726 /* OrderViewController.h */,
				B8AFED181BDB96AC00EF8726 /* OrderViewController.m */,
				B865C1771BDCA49400C1E681 /* OrderSummaryListCell.h */,
				B865C1781BDCA49400C1E681 /* OrderSummaryListCell.m */,
				B865C17A1BDCA4A300C1E681 /* OrderSummaryDayCell.h */,
				B865C17B1BDCA4A300C1E681 /* OrderSummaryDayCell.m */,
			);
			path = OrderViewController;
			sourceTree = "<group>";
		};
		B8AFED1A1BDB983B00EF8726 /* MyUserController */ = {
			isa = PBXGroup;
			children = (
				B8AFED1B1BDB988000EF8726 /* UserCenterController.h */,
				B8AFED1C1BDB988000EF8726 /* UserCenterController.m */,
			);
			path = MyUserController;
			sourceTree = "<group>";
		};
		B8C458541BDB592B00901F71 /* NavigationController */ = {
			isa = PBXGroup;
			children = (
				B8C458551BDB592B00901F71 /* HMNagationController.h */,
				B8C458561BDB592B00901F71 /* HMNagationController.m */,
			);
			path = NavigationController;
			sourceTree = "<group>";
		};
		B8C458581BDB59AC00901F71 /* ThirdPary */ = {
			isa = PBXGroup;
			children = (
				B8C4587D1BDB5B5C00901F71 /* ToastAlertView */,
				B8C458791BDB5ABB00901F71 /* SafeDic */,
				B8C458591BDB59AC00901F71 /* AFNetworkActivityLogger */,
				B8C4585C1BDB59AC00901F71 /* Refresh */,
				B8C458621BDB59AC00901F71 /* RFSegmentView */,
				B8C458651BDB59AC00901F71 /* UIView+Sizes */,
			);
			path = ThirdPary;
			sourceTree = "<group>";
		};
		B8C458591BDB59AC00901F71 /* AFNetworkActivityLogger */ = {
			isa = PBXGroup;
			children = (
				B8C4585A1BDB59AC00901F71 /* AFNetworkActivityLogger.h */,
				B8C4585B1BDB59AC00901F71 /* AFNetworkActivityLogger.m */,
			);
			path = AFNetworkActivityLogger;
			sourceTree = "<group>";
		};
		B8C4585C1BDB59AC00901F71 /* Refresh */ = {
			isa = PBXGroup;
			children = (
				B8C4585D1BDB59AC00901F71 /* Header.h */,
				B8C4585E1BDB59AC00901F71 /* YiRefreshFooter.h */,
				B8C4585F1BDB59AC00901F71 /* YiRefreshFooter.m */,
				B8C458601BDB59AC00901F71 /* YiRefreshHeader.h */,
				B8C458611BDB59AC00901F71 /* YiRefreshHeader.m */,
			);
			path = Refresh;
			sourceTree = "<group>";
		};
		B8C458621BDB59AC00901F71 /* RFSegmentView */ = {
			isa = PBXGroup;
			children = (
				B8C458631BDB59AC00901F71 /* RFSegmentView.h */,
				B8C458641BDB59AC00901F71 /* RFSegmentView.m */,
			);
			path = RFSegmentView;
			sourceTree = "<group>";
		};
		B8C458651BDB59AC00901F71 /* UIView+Sizes */ = {
			isa = PBXGroup;
			children = (
				B8C458661BDB59AC00901F71 /* Dlog.h */,
				B8C458671BDB59AC00901F71 /* SWCommonMacro.h */,
				B8C458681BDB59AC00901F71 /* UIView+Sizes.h */,
				B8C458691BDB59AC00901F71 /* UIView+Sizes.m */,
				B8C4586A1BDB59AC00901F71 /* UIView+TKCategory.h */,
				B8C4586B1BDB59AC00901F71 /* UIView+TKCategory.m */,
				B8C4586C1BDB59AC00901F71 /* UIViewAdditions.h */,
				B8C4586D1BDB59AC00901F71 /* UIViewAdditions.m */,
			);
			path = "UIView+Sizes";
			sourceTree = "<group>";
		};
		B8C458791BDB5ABB00901F71 /* SafeDic */ = {
			isa = PBXGroup;
			children = (
				B8C4587A1BDB5ABB00901F71 /* NSDictionary+StrDic.h */,
				B8C4587B1BDB5ABB00901F71 /* NSDictionary+StrDic.m */,
			);
			path = SafeDic;
			sourceTree = "<group>";
		};
		B8C4587D1BDB5B5C00901F71 /* ToastAlertView */ = {
			isa = PBXGroup;
			children = (
				B8C4587E1BDB5B5C00901F71 /* ToastAlertView.h */,
				B8C4587F1BDB5B5C00901F71 /* ToastAlertView.m */,
			);
			path = ToastAlertView;
			sourceTree = "<group>";
		};
		B8C458811BDB5B7600901F71 /* Common */ = {
			isa = PBXGroup;
			children = (
				B865C17D1BDCA4D600C1E681 /* PortraitView.h */,
				B865C17E1BDCA4D600C1E681 /* PortraitView.m */,
				B811E4671BDD3CF90077EAF5 /* NGOSegmentControl.h */,
				B811E4681BDD3CF90077EAF5 /* NGOSegmentControl.m */,
				B865C1741BDCA0B400C1E681 /* RefreshTableView.h */,
				B865C1751BDCA0B400C1E681 /* RefreshTableView.m */,
				B8C458821BDB5B8E00901F71 /* UIViewController+Method.h */,
				B8C458831BDB5B8E00901F71 /* UIViewController+Method.m */,
			);
			name = Common;
			sourceTree = "<group>";
		};
		B8C458851BDB5B9200901F71 /* NetWorkEntity */ = {
			isa = PBXGroup;
			children = (
				B8C458861BDB5BAD00901F71 /* NetWorkEntiry.h */,
				B8C458871BDB5BAD00901F71 /* NetWorkEntiry.m */,
			);
			name = NetWorkEntity;
			sourceTree = "<group>";
		};
/* End PBXGroup section */

/* Begin PBXNativeTarget section */
		B86EB3501BDB50EB0014EBD7 /* HeiMao_B */ = {
			isa = PBXNativeTarget;
			buildConfigurationList = B86EB3681BDB50EB0014EBD7 /* Build configuration list for PBXNativeTarget "HeiMao_B" */;
			buildPhases = (
				645EAEDC627068E72417072E /* Check Pods Manifest.lock */,
				B86EB34D1BDB50EB0014EBD7 /* Sources */,
				B86EB34E1BDB50EB0014EBD7 /* Frameworks */,
				B86EB34F1BDB50EB0014EBD7 /* Resources */,
				A30143097D6A7E2D3F024558 /* Copy Pods Resources */,
				61B7E27D52A438D81C48E845 /* Embed Pods Frameworks */,
			);
			buildRules = (
			);
			dependencies = (
			);
			name = HeiMao_B;
			productName = HeiMao_B;
			productReference = B86EB3511BDB50EB0014EBD7 /* HeiMao_B.app */;
			productType = "com.apple.product-type.application";
		};
/* End PBXNativeTarget section */

/* Begin PBXProject section */
		B86EB3491BDB50EB0014EBD7 /* Project object */ = {
			isa = PBXProject;
			attributes = {
				LastUpgradeCheck = 0700;
				ORGANIZATIONNAME = ke;
				TargetAttributes = {
					B86EB3501BDB50EB0014EBD7 = {
						CreatedOnToolsVersion = 7.0.1;
					};
				};
			};
			buildConfigurationList = B86EB34C1BDB50EB0014EBD7 /* Build configuration list for PBXProject "HeiMao_B" */;
			compatibilityVersion = "Xcode 3.2";
			developmentRegion = English;
			hasScannedForEncodings = 0;
			knownRegions = (
				en,
				Base,
			);
			mainGroup = B86EB3481BDB50EB0014EBD7;
			productRefGroup = B86EB3521BDB50EB0014EBD7 /* Products */;
			projectDirPath = "";
			projectRoot = "";
			targets = (
				B86EB3501BDB50EB0014EBD7 /* HeiMao_B */,
			);
		};
/* End PBXProject section */

/* Begin PBXResourcesBuildPhase section */
		B86EB34F1BDB50EB0014EBD7 /* Resources */ = {
			isa = PBXResourcesBuildPhase;
			buildActionMask = 2147483647;
			files = (
				B86EB3611BDB50EB0014EBD7 /* Assets.xcassets in Resources */,
			);
			runOnlyForDeploymentPostprocessing = 0;
		};
/* End PBXResourcesBuildPhase section */

/* Begin PBXShellScriptBuildPhase section */
		61B7E27D52A438D81C48E845 /* Embed Pods Frameworks */ = {
			isa = PBXShellScriptBuildPhase;
			buildActionMask = 2147483647;
			files = (
			);
			inputPaths = (
			);
			name = "Embed Pods Frameworks";
			outputPaths = (
			);
			runOnlyForDeploymentPostprocessing = 0;
			shellPath = /bin/sh;
			shellScript = "\"${SRCROOT}/Pods/Target Support Files/Pods/Pods-frameworks.sh\"\n";
			showEnvVarsInLog = 0;
		};
		645EAEDC627068E72417072E /* Check Pods Manifest.lock */ = {
			isa = PBXShellScriptBuildPhase;
			buildActionMask = 2147483647;
			files = (
			);
			inputPaths = (
			);
			name = "Check Pods Manifest.lock";
			outputPaths = (
			);
			runOnlyForDeploymentPostprocessing = 0;
			shellPath = /bin/sh;
			shellScript = "diff \"${PODS_ROOT}/../Podfile.lock\" \"${PODS_ROOT}/Manifest.lock\" > /dev/null\nif [[ $? != 0 ]] ; then\n    cat << EOM\nerror: The sandbox is not in sync with the Podfile.lock. Run 'pod install' or update your CocoaPods installation.\nEOM\n    exit 1\nfi\n";
			showEnvVarsInLog = 0;
		};
		A30143097D6A7E2D3F024558 /* Copy Pods Resources */ = {
			isa = PBXShellScriptBuildPhase;
			buildActionMask = 2147483647;
			files = (
			);
			inputPaths = (
			);
			name = "Copy Pods Resources";
			outputPaths = (
			);
			runOnlyForDeploymentPostprocessing = 0;
			shellPath = /bin/sh;
			shellScript = "\"${SRCROOT}/Pods/Target Support Files/Pods/Pods-resources.sh\"\n";
			showEnvVarsInLog = 0;
		};
/* End PBXShellScriptBuildPhase section */

/* Begin PBXSourcesBuildPhase section */
		B86EB34D1BDB50EB0014EBD7 /* Sources */ = {
			isa = PBXSourcesBuildPhase;
			buildActionMask = 2147483647;
			files = (
				B8C458571BDB592B00901F71 /* HMNagationController.m in Sources */,
				B8C458731BDB59AC00901F71 /* UIView+TKCategory.m in Sources */,
				B8C4586F1BDB59AC00901F71 /* YiRefreshFooter.m in Sources */,
				B865C1821BDD2DE800C1E681 /* BaseModelMethod.m in Sources */,
				B8C458721BDB59AC00901F71 /* UIView+Sizes.m in Sources */,
				B865C1701BDC9D8E00C1E681 /* HMSchoolModel.m in Sources */,
				B865C1661BDC969700C1E681 /* HMStudentModel.m in Sources */,
				B86EB3591BDB50EB0014EBD7 /* AppDelegate.m in Sources */,
				B8C458801BDB5B5C00901F71 /* ToastAlertView.m in Sources */,
				B865C17C1BDCA4A300C1E681 /* OrderSummaryDayCell.m in Sources */,
				B8C4587C1BDB5ABB00901F71 /* NSDictionary+StrDic.m in Sources */,
				B8C4586E1BDB59AC00901F71 /* AFNetworkActivityLogger.m in Sources */,
				B865C1631BDC95B000C1E681 /* HMOrderModel.m in Sources */,
				B8C458741BDB59AC00901F71 /* UIViewAdditions.m in Sources */,
				B8C458711BDB59AC00901F71 /* RFSegmentView.m in Sources */,
				B8AFED191BDB96AC00EF8726 /* OrderViewController.m in Sources */,
				B8C458841BDB5B8E00901F71 /* UIViewController+Method.m in Sources */,
				B865C1791BDCA49400C1E681 /* OrderSummaryListCell.m in Sources */,
				B811E4691BDD3CF90077EAF5 /* NGOSegmentControl.m in Sources */,
				B865C17F1BDCA4D600C1E681 /* PortraitView.m in Sources */,
				B8C458701BDB59AC00901F71 /* YiRefreshHeader.m in Sources */,
				B865C1731BDC9F1C00C1E681 /* HMPorTraitModel.m in Sources */,
				B865C1761BDCA0B400C1E681 /* RefreshTableView.m in Sources */,
				B865C16A1BDC9ABB00C1E681 /* HMClassModel.m in Sources */,
				B86EB3561BDB50EB0014EBD7 /* main.m in Sources */,
				B8AFED1D1BDB988000EF8726 /* UserCenterController.m in Sources */,
				B8C458881BDB5BAD00901F71 /* NetWorkEntiry.m in Sources */,
			);
			runOnlyForDeploymentPostprocessing = 0;
		};
/* End PBXSourcesBuildPhase section */

/* Begin XCBuildConfiguration section */
		B86EB3661BDB50EB0014EBD7 /* Debug */ = {
			isa = XCBuildConfiguration;
			buildSettings = {
				ALWAYS_SEARCH_USER_PATHS = NO;
				CLANG_CXX_LANGUAGE_STANDARD = "gnu++0x";
				CLANG_CXX_LIBRARY = "libc++";
				CLANG_ENABLE_MODULES = YES;
				CLANG_ENABLE_OBJC_ARC = YES;
				CLANG_WARN_BOOL_CONVERSION = YES;
				CLANG_WARN_CONSTANT_CONVERSION = YES;
				CLANG_WARN_DIRECT_OBJC_ISA_USAGE = YES_ERROR;
				CLANG_WARN_EMPTY_BODY = YES;
				CLANG_WARN_ENUM_CONVERSION = YES;
				CLANG_WARN_INT_CONVERSION = YES;
				CLANG_WARN_OBJC_ROOT_CLASS = YES_ERROR;
				CLANG_WARN_UNREACHABLE_CODE = YES;
				CLANG_WARN__DUPLICATE_METHOD_MATCH = YES;
				"CODE_SIGN_IDENTITY[sdk=iphoneos*]" = "iPhone Developer";
				COPY_PHASE_STRIP = NO;
				DEBUG_INFORMATION_FORMAT = dwarf;
				ENABLE_STRICT_OBJC_MSGSEND = YES;
				ENABLE_TESTABILITY = YES;
				GCC_C_LANGUAGE_STANDARD = gnu99;
				GCC_DYNAMIC_NO_PIC = NO;
				GCC_NO_COMMON_BLOCKS = YES;
				GCC_OPTIMIZATION_LEVEL = 0;
				GCC_PREPROCESSOR_DEFINITIONS = (
					"DEBUG=1",
					"$(inherited)",
				);
				GCC_WARN_64_TO_32_BIT_CONVERSION = YES;
				GCC_WARN_ABOUT_RETURN_TYPE = YES_ERROR;
				GCC_WARN_UNDECLARED_SELECTOR = YES;
				GCC_WARN_UNINITIALIZED_AUTOS = YES_AGGRESSIVE;
				GCC_WARN_UNUSED_FUNCTION = YES;
				GCC_WARN_UNUSED_VARIABLE = YES;
				IPHONEOS_DEPLOYMENT_TARGET = 9.0;
				MTL_ENABLE_DEBUG_INFO = YES;
				ONLY_ACTIVE_ARCH = YES;
				SDKROOT = iphoneos;
			};
			name = Debug;
		};
		B86EB3671BDB50EB0014EBD7 /* Release */ = {
			isa = XCBuildConfiguration;
			buildSettings = {
				ALWAYS_SEARCH_USER_PATHS = NO;
				CLANG_CXX_LANGUAGE_STANDARD = "gnu++0x";
				CLANG_CXX_LIBRARY = "libc++";
				CLANG_ENABLE_MODULES = YES;
				CLANG_ENABLE_OBJC_ARC = YES;
				CLANG_WARN_BOOL_CONVERSION = YES;
				CLANG_WARN_CONSTANT_CONVERSION = YES;
				CLANG_WARN_DIRECT_OBJC_ISA_USAGE = YES_ERROR;
				CLANG_WARN_EMPTY_BODY = YES;
				CLANG_WARN_ENUM_CONVERSION = YES;
				CLANG_WARN_INT_CONVERSION = YES;
				CLANG_WARN_OBJC_ROOT_CLASS = YES_ERROR;
				CLANG_WARN_UNREACHABLE_CODE = YES;
				CLANG_WARN__DUPLICATE_METHOD_MATCH = YES;
				"CODE_SIGN_IDENTITY[sdk=iphoneos*]" = "iPhone Developer";
				COPY_PHASE_STRIP = NO;
				DEBUG_INFORMATION_FORMAT = "dwarf-with-dsym";
				ENABLE_NS_ASSERTIONS = NO;
				ENABLE_STRICT_OBJC_MSGSEND = YES;
				GCC_C_LANGUAGE_STANDARD = gnu99;
				GCC_NO_COMMON_BLOCKS = YES;
				GCC_WARN_64_TO_32_BIT_CONVERSION = YES;
				GCC_WARN_ABOUT_RETURN_TYPE = YES_ERROR;
				GCC_WARN_UNDECLARED_SELECTOR = YES;
				GCC_WARN_UNINITIALIZED_AUTOS = YES_AGGRESSIVE;
				GCC_WARN_UNUSED_FUNCTION = YES;
				GCC_WARN_UNUSED_VARIABLE = YES;
				IPHONEOS_DEPLOYMENT_TARGET = 9.0;
				MTL_ENABLE_DEBUG_INFO = NO;
				SDKROOT = iphoneos;
				VALIDATE_PRODUCT = YES;
			};
			name = Release;
		};
		B86EB3691BDB50EB0014EBD7 /* Debug */ = {
			isa = XCBuildConfiguration;
			baseConfigurationReference = 1371250ABB78626F8329AC98 /* Pods.debug.xcconfig */;
			buildSettings = {
				ASSETCATALOG_COMPILER_APPICON_NAME = AppIcon;
				GCC_PREFIX_HEADER = "$(SRCROOT)/HeiMao_B/PrefixHeader.pch";
				INFOPLIST_FILE = HeiMao_B/Info.plist;
				IPHONEOS_DEPLOYMENT_TARGET = 7.0;
				LD_RUNPATH_SEARCH_PATHS = "$(inherited) @executable_path/Frameworks";
				PRODUCT_BUNDLE_IDENTIFIER = "heimao.HeiMao-B";
				PRODUCT_NAME = "$(TARGET_NAME)";
			};
			name = Debug;
		};
		B86EB36A1BDB50EB0014EBD7 /* Release */ = {
			isa = XCBuildConfiguration;
			baseConfigurationReference = 61865CEFE68BFD5A7D344240 /* Pods.release.xcconfig */;
			buildSettings = {
				ASSETCATALOG_COMPILER_APPICON_NAME = AppIcon;
				GCC_PREFIX_HEADER = "$(SRCROOT)/HeiMao_B/PrefixHeader.pch";
				INFOPLIST_FILE = HeiMao_B/Info.plist;
				IPHONEOS_DEPLOYMENT_TARGET = 7.0;
				LD_RUNPATH_SEARCH_PATHS = "$(inherited) @executable_path/Frameworks";
				PRODUCT_BUNDLE_IDENTIFIER = "heimao.HeiMao-B";
				PRODUCT_NAME = "$(TARGET_NAME)";
			};
			name = Release;
		};
/* End XCBuildConfiguration section */

/* Begin XCConfigurationList section */
		B86EB34C1BDB50EB0014EBD7 /* Build configuration list for PBXProject "HeiMao_B" */ = {
			isa = XCConfigurationList;
			buildConfigurations = (
				B86EB3661BDB50EB0014EBD7 /* Debug */,
				B86EB3671BDB50EB0014EBD7 /* Release */,
			);
			defaultConfigurationIsVisible = 0;
			defaultConfigurationName = Release;
		};
		B86EB3681BDB50EB0014EBD7 /* Build configuration list for PBXNativeTarget "HeiMao_B" */ = {
			isa = XCConfigurationList;
			buildConfigurations = (
				B86EB3691BDB50EB0014EBD7 /* Debug */,
				B86EB36A1BDB50EB0014EBD7 /* Release */,
			);
			defaultConfigurationIsVisible = 0;
			defaultConfigurationName = Release;
		};
/* End XCConfigurationList section */
	};
	rootObject = B86EB3491BDB50EB0014EBD7 /* Project object */;
}
