// !$*UTF8*$!
{
	archiveVersion = 1;
	classes = {
	};
	objectVersion = 46;
	objects = {

/* Begin PBXBuildFile section */
		A34DBFD2C488A5CB6E7E2EFC /* libPods.a in Frameworks */ = {isa = PBXBuildFile; fileRef = 2823AFD5ABA09767DD4F0623 /* libPods.a */; };
		B80F1B701BE26785008D5843 /* UITabBar+RedHot.m in Sources */ = {isa = PBXBuildFile; fileRef = B80F1B6F1BE26785008D5843 /* UITabBar+RedHot.m */; };
		B811E4691BDD3CF90077EAF5 /* NGOSegmentControl.m in Sources */ = {isa = PBXBuildFile; fileRef = B811E4681BDD3CF90077EAF5 /* NGOSegmentControl.m */; };
		B84479D21BDF74AA004E5E15 /* CourseDetailViewController.m in Sources */ = {isa = PBXBuildFile; fileRef = B84479D11BDF74AA004E5E15 /* CourseDetailViewController.m */; };
		B84479D51BDF7890004E5E15 /* CourseDetailView.m in Sources */ = {isa = PBXBuildFile; fileRef = B84479D41BDF7890004E5E15 /* CourseDetailView.m */; };
		B84479DB1BDFB35D004E5E15 /* HMButton.m in Sources */ = {isa = PBXBuildFile; fileRef = B84479DA1BDFB35D004E5E15 /* HMButton.m */; };
		B84479DF1BE07129004E5E15 /* SutdentHomeController.m in Sources */ = {isa = PBXBuildFile; fileRef = B84479DE1BE07129004E5E15 /* SutdentHomeController.m */; };
		B84479E21BE0765B004E5E15 /* HMRecomendModel.m in Sources */ = {isa = PBXBuildFile; fileRef = B84479E11BE0765B004E5E15 /* HMRecomendModel.m */; };
		B84479E51BE07A46004E5E15 /* StudentHomeUserBasicInfoCell.m in Sources */ = {isa = PBXBuildFile; fileRef = B84479E41BE07A46004E5E15 /* StudentHomeUserBasicInfoCell.m */; };
		B84479E81BE07B7A004E5E15 /* StudentHomeUserCourseInfoCell.m in Sources */ = {isa = PBXBuildFile; fileRef = B84479E71BE07B7A004E5E15 /* StudentHomeUserCourseInfoCell.m */; };
		B84479EB1BE099D9004E5E15 /* StudentHomeRecomendCell.m in Sources */ = {isa = PBXBuildFile; fileRef = B84479EA1BE099D9004E5E15 /* StudentHomeRecomendCell.m */; };
		B8447A081BE0D2E3004E5E15 /* CourseCancelController.m in Sources */ = {isa = PBXBuildFile; fileRef = B8447A071BE0D2E3004E5E15 /* CourseCancelController.m */; };
		B8447A0B1BE0D394004E5E15 /* PickerItemView.m in Sources */ = {isa = PBXBuildFile; fileRef = B8447A0A1BE0D394004E5E15 /* PickerItemView.m */; };
		B8447A111BE0D8C4004E5E15 /* PickListView.m in Sources */ = {isa = PBXBuildFile; fileRef = B8447A101BE0D8C4004E5E15 /* PickListView.m */; };
		B8447A141BE0DE09004E5E15 /* CourseDesInPutCell.m in Sources */ = {isa = PBXBuildFile; fileRef = B8447A131BE0DE09004E5E15 /* CourseDesInPutCell.m */; };
		B8447A171BE0E456004E5E15 /* CoursePicListCell.m in Sources */ = {isa = PBXBuildFile; fileRef = B8447A161BE0E456004E5E15 /* CoursePicListCell.m */; };
		B8447A1A1BE1BEC2004E5E15 /* CourseEnsureCell.m in Sources */ = {isa = PBXBuildFile; fileRef = B8447A191BE1BEC2004E5E15 /* CourseEnsureCell.m */; };
		B8447A1F1BE1CC0D004E5E15 /* CoureseRatingController.m in Sources */ = {isa = PBXBuildFile; fileRef = B8447A1E1BE1CC0D004E5E15 /* CoureseRatingController.m */; };
		B8447A221BE1CC25004E5E15 /* CWStarRateView.m in Sources */ = {isa = PBXBuildFile; fileRef = B8447A211BE1CC25004E5E15 /* CWStarRateView.m */; };
		B8447A251BE1CC9E004E5E15 /* CourseRatingUserInfoCell.m in Sources */ = {isa = PBXBuildFile; fileRef = B8447A241BE1CC9E004E5E15 /* CourseRatingUserInfoCell.m */; };
		B8447A281BE1E150004E5E15 /* CourseRatingCell.m in Sources */ = {isa = PBXBuildFile; fileRef = B8447A271BE1E150004E5E15 /* CourseRatingCell.m */; };
		B865C1631BDC95B000C1E681 /* HMCourseModel.m in Sources */ = {isa = PBXBuildFile; fileRef = B865C1621BDC95B000C1E681 /* HMCourseModel.m */; };
		B865C1661BDC969700C1E681 /* HMStudentModel.m in Sources */ = {isa = PBXBuildFile; fileRef = B865C1651BDC969700C1E681 /* HMStudentModel.m */; };
		B865C16A1BDC9ABB00C1E681 /* HMClassInfoModel.m in Sources */ = {isa = PBXBuildFile; fileRef = B865C1691BDC9ABB00C1E681 /* HMClassInfoModel.m */; };
		B865C1701BDC9D8E00C1E681 /* HMSchoolInfoModel.m in Sources */ = {isa = PBXBuildFile; fileRef = B865C16F1BDC9D8E00C1E681 /* HMSchoolInfoModel.m */; };
		B865C1731BDC9F1C00C1E681 /* HMPortraitInfoModel.m in Sources */ = {isa = PBXBuildFile; fileRef = B865C1721BDC9F1C00C1E681 /* HMPortraitInfoModel.m */; };
		B865C1761BDCA0B400C1E681 /* RefreshTableView.m in Sources */ = {isa = PBXBuildFile; fileRef = B865C1751BDCA0B400C1E681 /* RefreshTableView.m */; };
		B865C1791BDCA49400C1E681 /* CourseSummaryListCell.m in Sources */ = {isa = PBXBuildFile; fileRef = B865C1781BDCA49400C1E681 /* CourseSummaryListCell.m */; };
		B865C17C1BDCA4A300C1E681 /* CourseSummaryDayCell.m in Sources */ = {isa = PBXBuildFile; fileRef = B865C17B1BDCA4A300C1E681 /* CourseSummaryDayCell.m */; };
		B865C17F1BDCA4D600C1E681 /* PortraitView.m in Sources */ = {isa = PBXBuildFile; fileRef = B865C17E1BDCA4D600C1E681 /* PortraitView.m */; };
		B865C1821BDD2DE800C1E681 /* BaseModelMethod.m in Sources */ = {isa = PBXBuildFile; fileRef = B865C1811BDD2DE800C1E681 /* BaseModelMethod.m */; };
		B86EB3561BDB50EB0014EBD7 /* main.m in Sources */ = {isa = PBXBuildFile; fileRef = B86EB3551BDB50EB0014EBD7 /* main.m */; };
		B86EB3591BDB50EB0014EBD7 /* AppDelegate.m in Sources */ = {isa = PBXBuildFile; fileRef = B86EB3581BDB50EB0014EBD7 /* AppDelegate.m */; };
		B86EB3611BDB50EB0014EBD7 /* Assets.xcassets in Resources */ = {isa = PBXBuildFile; fileRef = B86EB3601BDB50EB0014EBD7 /* Assets.xcassets */; };
		B8AFED191BDB96AC00EF8726 /* CourseViewController.m in Sources */ = {isa = PBXBuildFile; fileRef = B8AFED181BDB96AC00EF8726 /* CourseViewController.m */; };
		B8AFED1D1BDB988000EF8726 /* TeacherCenterController.m in Sources */ = {isa = PBXBuildFile; fileRef = B8AFED1C1BDB988000EF8726 /* TeacherCenterController.m */; };
		B8C458571BDB592B00901F71 /* HMNagationController.m in Sources */ = {isa = PBXBuildFile; fileRef = B8C458561BDB592B00901F71 /* HMNagationController.m */; };
		B8C4586E1BDB59AC00901F71 /* AFNetworkActivityLogger.m in Sources */ = {isa = PBXBuildFile; fileRef = B8C4585B1BDB59AC00901F71 /* AFNetworkActivityLogger.m */; };
		B8C4586F1BDB59AC00901F71 /* YiRefreshFooter.m in Sources */ = {isa = PBXBuildFile; fileRef = B8C4585F1BDB59AC00901F71 /* YiRefreshFooter.m */; };
		B8C458701BDB59AC00901F71 /* YiRefreshHeader.m in Sources */ = {isa = PBXBuildFile; fileRef = B8C458611BDB59AC00901F71 /* YiRefreshHeader.m */; };
		B8C458711BDB59AC00901F71 /* RFSegmentView.m in Sources */ = {isa = PBXBuildFile; fileRef = B8C458641BDB59AC00901F71 /* RFSegmentView.m */; };
		B8C458721BDB59AC00901F71 /* UIView+Sizes.m in Sources */ = {isa = PBXBuildFile; fileRef = B8C458691BDB59AC00901F71 /* UIView+Sizes.m */; };
		B8C458731BDB59AC00901F71 /* UIView+TKCategory.m in Sources */ = {isa = PBXBuildFile; fileRef = B8C4586B1BDB59AC00901F71 /* UIView+TKCategory.m */; };
		B8C458741BDB59AC00901F71 /* UIViewAdditions.m in Sources */ = {isa = PBXBuildFile; fileRef = B8C4586D1BDB59AC00901F71 /* UIViewAdditions.m */; };
		B8C4587C1BDB5ABB00901F71 /* NSDictionary+StrDic.m in Sources */ = {isa = PBXBuildFile; fileRef = B8C4587B1BDB5ABB00901F71 /* NSDictionary+StrDic.m */; };
		B8C458801BDB5B5C00901F71 /* ToastAlertView.m in Sources */ = {isa = PBXBuildFile; fileRef = B8C4587F1BDB5B5C00901F71 /* ToastAlertView.m */; };
		B8C458841BDB5B8E00901F71 /* UIViewController+Method.m in Sources */ = {isa = PBXBuildFile; fileRef = B8C458831BDB5B8E00901F71 /* UIViewController+Method.m */; };
		B8C458881BDB5BAD00901F71 /* NetWorkEntiry.m in Sources */ = {isa = PBXBuildFile; fileRef = B8C458871BDB5BAD00901F71 /* NetWorkEntiry.m */; };
		B8FFDF691BDE78E6005BD535 /* FDCalendar.m in Sources */ = {isa = PBXBuildFile; fileRef = B8FFDF661BDE78E6005BD535 /* FDCalendar.m */; };
		B8FFDF6A1BDE78E6005BD535 /* FDCalendarItem.m in Sources */ = {isa = PBXBuildFile; fileRef = B8FFDF681BDE78E6005BD535 /* FDCalendarItem.m */; };
/* End PBXBuildFile section */

/* Begin PBXFileReference section */
		1371250ABB78626F8329AC98 /* Pods.debug.xcconfig */ = {isa = PBXFileReference; includeInIndex = 1; lastKnownFileType = text.xcconfig; name = Pods.debug.xcconfig; path = "Pods/Target Support Files/Pods/Pods.debug.xcconfig"; sourceTree = "<group>"; };
		2823AFD5ABA09767DD4F0623 /* libPods.a */ = {isa = PBXFileReference; explicitFileType = archive.ar; includeInIndex = 0; path = libPods.a; sourceTree = BUILT_PRODUCTS_DIR; };
		61865CEFE68BFD5A7D344240 /* Pods.release.xcconfig */ = {isa = PBXFileReference; includeInIndex = 1; lastKnownFileType = text.xcconfig; name = Pods.release.xcconfig; path = "Pods/Target Support Files/Pods/Pods.release.xcconfig"; sourceTree = "<group>"; };
		B80F1B6E1BE26785008D5843 /* UITabBar+RedHot.h */ = {isa = PBXFileReference; fileEncoding = 4; lastKnownFileType = sourcecode.c.h; path = "UITabBar+RedHot.h"; sourceTree = "<group>"; };
		B80F1B6F1BE26785008D5843 /* UITabBar+RedHot.m */ = {isa = PBXFileReference; fileEncoding = 4; lastKnownFileType = sourcecode.c.objc; path = "UITabBar+RedHot.m"; sourceTree = "<group>"; };
		B811E4671BDD3CF90077EAF5 /* NGOSegmentControl.h */ = {isa = PBXFileReference; fileEncoding = 4; lastKnownFileType = sourcecode.c.h; path = NGOSegmentControl.h; sourceTree = "<group>"; };
		B811E4681BDD3CF90077EAF5 /* NGOSegmentControl.m */ = {isa = PBXFileReference; fileEncoding = 4; lastKnownFileType = sourcecode.c.objc; path = NGOSegmentControl.m; sourceTree = "<group>"; };
		B84479D01BDF74AA004E5E15 /* CourseDetailViewController.h */ = {isa = PBXFileReference; fileEncoding = 4; lastKnownFileType = sourcecode.c.h; path = CourseDetailViewController.h; sourceTree = "<group>"; };
		B84479D11BDF74AA004E5E15 /* CourseDetailViewController.m */ = {isa = PBXFileReference; fileEncoding = 4; lastKnownFileType = sourcecode.c.objc; path = CourseDetailViewController.m; sourceTree = "<group>"; };
		B84479D31BDF7890004E5E15 /* CourseDetailView.h */ = {isa = PBXFileReference; fileEncoding = 4; lastKnownFileType = sourcecode.c.h; path = CourseDetailView.h; sourceTree = "<group>"; };
		B84479D41BDF7890004E5E15 /* CourseDetailView.m */ = {isa = PBXFileReference; fileEncoding = 4; lastKnownFileType = sourcecode.c.objc; path = CourseDetailView.m; sourceTree = "<group>"; };
		B84479D91BDFB35D004E5E15 /* HMButton.h */ = {isa = PBXFileReference; fileEncoding = 4; lastKnownFileType = sourcecode.c.h; path = HMButton.h; sourceTree = "<group>"; };
		B84479DA1BDFB35D004E5E15 /* HMButton.m */ = {isa = PBXFileReference; fileEncoding = 4; lastKnownFileType = sourcecode.c.objc; path = HMButton.m; sourceTree = "<group>"; };
		B84479DD1BE07129004E5E15 /* SutdentHomeController.h */ = {isa = PBXFileReference; fileEncoding = 4; lastKnownFileType = sourcecode.c.h; path = SutdentHomeController.h; sourceTree = "<group>"; };
		B84479DE1BE07129004E5E15 /* SutdentHomeController.m */ = {isa = PBXFileReference; fileEncoding = 4; lastKnownFileType = sourcecode.c.objc; path = SutdentHomeController.m; sourceTree = "<group>"; };
		B84479E01BE0765B004E5E15 /* HMRecomendModel.h */ = {isa = PBXFileReference; fileEncoding = 4; lastKnownFileType = sourcecode.c.h; path = HMRecomendModel.h; sourceTree = "<group>"; };
		B84479E11BE0765B004E5E15 /* HMRecomendModel.m */ = {isa = PBXFileReference; fileEncoding = 4; lastKnownFileType = sourcecode.c.objc; path = HMRecomendModel.m; sourceTree = "<group>"; };
		B84479E31BE07A46004E5E15 /* StudentHomeUserBasicInfoCell.h */ = {isa = PBXFileReference; fileEncoding = 4; lastKnownFileType = sourcecode.c.h; path = StudentHomeUserBasicInfoCell.h; sourceTree = "<group>"; };
		B84479E41BE07A46004E5E15 /* StudentHomeUserBasicInfoCell.m */ = {isa = PBXFileReference; fileEncoding = 4; lastKnownFileType = sourcecode.c.objc; path = StudentHomeUserBasicInfoCell.m; sourceTree = "<group>"; };
		B84479E61BE07B7A004E5E15 /* StudentHomeUserCourseInfoCell.h */ = {isa = PBXFileReference; fileEncoding = 4; lastKnownFileType = sourcecode.c.h; path = StudentHomeUserCourseInfoCell.h; sourceTree = "<group>"; };
		B84479E71BE07B7A004E5E15 /* StudentHomeUserCourseInfoCell.m */ = {isa = PBXFileReference; fileEncoding = 4; lastKnownFileType = sourcecode.c.objc; path = StudentHomeUserCourseInfoCell.m; sourceTree = "<group>"; };
		B84479E91BE099D9004E5E15 /* StudentHomeRecomendCell.h */ = {isa = PBXFileReference; fileEncoding = 4; lastKnownFileType = sourcecode.c.h; path = StudentHomeRecomendCell.h; sourceTree = "<group>"; };
		B84479EA1BE099D9004E5E15 /* StudentHomeRecomendCell.m */ = {isa = PBXFileReference; fileEncoding = 4; lastKnownFileType = sourcecode.c.objc; path = StudentHomeRecomendCell.m; sourceTree = "<group>"; };
		B8447A061BE0D2E3004E5E15 /* CourseCancelController.h */ = {isa = PBXFileReference; fileEncoding = 4; lastKnownFileType = sourcecode.c.h; path = CourseCancelController.h; sourceTree = "<group>"; };
		B8447A071BE0D2E3004E5E15 /* CourseCancelController.m */ = {isa = PBXFileReference; fileEncoding = 4; lastKnownFileType = sourcecode.c.objc; path = CourseCancelController.m; sourceTree = "<group>"; };
		B8447A091BE0D394004E5E15 /* PickerItemView.h */ = {isa = PBXFileReference; fileEncoding = 4; lastKnownFileType = sourcecode.c.h; path = PickerItemView.h; sourceTree = "<group>"; };
		B8447A0A1BE0D394004E5E15 /* PickerItemView.m */ = {isa = PBXFileReference; fileEncoding = 4; lastKnownFileType = sourcecode.c.objc; path = PickerItemView.m; sourceTree = "<group>"; };
		B8447A0F1BE0D8C4004E5E15 /* PickListView.h */ = {isa = PBXFileReference; fileEncoding = 4; lastKnownFileType = sourcecode.c.h; path = PickListView.h; sourceTree = "<group>"; };
		B8447A101BE0D8C4004E5E15 /* PickListView.m */ = {isa = PBXFileReference; fileEncoding = 4; lastKnownFileType = sourcecode.c.objc; path = PickListView.m; sourceTree = "<group>"; };
		B8447A121BE0DE09004E5E15 /* CourseDesInPutCell.h */ = {isa = PBXFileReference; fileEncoding = 4; lastKnownFileType = sourcecode.c.h; name = CourseDesInPutCell.h; path = OrderViewController/CourseDesInPutCell.h; sourceTree = "<group>"; };
		B8447A131BE0DE09004E5E15 /* CourseDesInPutCell.m */ = {isa = PBXFileReference; fileEncoding = 4; lastKnownFileType = sourcecode.c.objc; name = CourseDesInPutCell.m; path = OrderViewController/CourseDesInPutCell.m; sourceTree = "<group>"; };
		B8447A151BE0E456004E5E15 /* CoursePicListCell.h */ = {isa = PBXFileReference; fileEncoding = 4; lastKnownFileType = sourcecode.c.h; path = CoursePicListCell.h; sourceTree = "<group>"; };
		B8447A161BE0E456004E5E15 /* CoursePicListCell.m */ = {isa = PBXFileReference; fileEncoding = 4; lastKnownFileType = sourcecode.c.objc; path = CoursePicListCell.m; sourceTree = "<group>"; };
		B8447A181BE1BEC2004E5E15 /* CourseEnsureCell.h */ = {isa = PBXFileReference; fileEncoding = 4; lastKnownFileType = sourcecode.c.h; path = CourseEnsureCell.h; sourceTree = "<group>"; };
		B8447A191BE1BEC2004E5E15 /* CourseEnsureCell.m */ = {isa = PBXFileReference; fileEncoding = 4; lastKnownFileType = sourcecode.c.objc; path = CourseEnsureCell.m; sourceTree = "<group>"; };
		B8447A1D1BE1CC0D004E5E15 /* CoureseRatingController.h */ = {isa = PBXFileReference; fileEncoding = 4; lastKnownFileType = sourcecode.c.h; path = CoureseRatingController.h; sourceTree = "<group>"; };
		B8447A1E1BE1CC0D004E5E15 /* CoureseRatingController.m */ = {isa = PBXFileReference; fileEncoding = 4; lastKnownFileType = sourcecode.c.objc; path = CoureseRatingController.m; sourceTree = "<group>"; };
		B8447A201BE1CC25004E5E15 /* CWStarRateView.h */ = {isa = PBXFileReference; fileEncoding = 4; lastKnownFileType = sourcecode.c.h; path = CWStarRateView.h; sourceTree = "<group>"; };
		B8447A211BE1CC25004E5E15 /* CWStarRateView.m */ = {isa = PBXFileReference; fileEncoding = 4; lastKnownFileType = sourcecode.c.objc; path = CWStarRateView.m; sourceTree = "<group>"; };
		B8447A231BE1CC9E004E5E15 /* CourseRatingUserInfoCell.h */ = {isa = PBXFileReference; fileEncoding = 4; lastKnownFileType = sourcecode.c.h; path = CourseRatingUserInfoCell.h; sourceTree = "<group>"; };
		B8447A241BE1CC9E004E5E15 /* CourseRatingUserInfoCell.m */ = {isa = PBXFileReference; fileEncoding = 4; lastKnownFileType = sourcecode.c.objc; path = CourseRatingUserInfoCell.m; sourceTree = "<group>"; };
		B8447A261BE1E150004E5E15 /* CourseRatingCell.h */ = {isa = PBXFileReference; fileEncoding = 4; lastKnownFileType = sourcecode.c.h; path = CourseRatingCell.h; sourceTree = "<group>"; };
		B8447A271BE1E150004E5E15 /* CourseRatingCell.m */ = {isa = PBXFileReference; fileEncoding = 4; lastKnownFileType = sourcecode.c.objc; path = CourseRatingCell.m; sourceTree = "<group>"; };
		B865C1611BDC95B000C1E681 /* HMCourseModel.h */ = {isa = PBXFileReference; fileEncoding = 4; lastKnownFileType = sourcecode.c.h; name = HMCourseModel.h; path = HeiMao_B/DataModel/HMCourseModel.h; sourceTree = "<group>"; };
		B865C1621BDC95B000C1E681 /* HMCourseModel.m */ = {isa = PBXFileReference; fileEncoding = 4; lastKnownFileType = sourcecode.c.objc; name = HMCourseModel.m; path = HeiMao_B/DataModel/HMCourseModel.m; sourceTree = "<group>"; };
		B865C1641BDC969700C1E681 /* HMStudentModel.h */ = {isa = PBXFileReference; fileEncoding = 4; lastKnownFileType = sourcecode.c.h; name = HMStudentModel.h; path = HeiMao_B/DataModel/HMStudentModel.h; sourceTree = "<group>"; };
		B865C1651BDC969700C1E681 /* HMStudentModel.m */ = {isa = PBXFileReference; fileEncoding = 4; lastKnownFileType = sourcecode.c.objc; name = HMStudentModel.m; path = HeiMao_B/DataModel/HMStudentModel.m; sourceTree = "<group>"; };
		B865C1671BDC970700C1E681 /* ModelDefine.h */ = {isa = PBXFileReference; lastKnownFileType = sourcecode.c.h; path = ModelDefine.h; sourceTree = "<group>"; };
		B865C1681BDC9ABB00C1E681 /* HMClassInfoModel.h */ = {isa = PBXFileReference; fileEncoding = 4; lastKnownFileType = sourcecode.c.h; path = HMClassInfoModel.h; sourceTree = "<group>"; };
		B865C1691BDC9ABB00C1E681 /* HMClassInfoModel.m */ = {isa = PBXFileReference; fileEncoding = 4; lastKnownFileType = sourcecode.c.objc; path = HMClassInfoModel.m; sourceTree = "<group>"; };
		B865C16E1BDC9D8E00C1E681 /* HMSchoolInfoModel.h */ = {isa = PBXFileReference; fileEncoding = 4; lastKnownFileType = sourcecode.c.h; path = HMSchoolInfoModel.h; sourceTree = "<group>"; };
		B865C16F1BDC9D8E00C1E681 /* HMSchoolInfoModel.m */ = {isa = PBXFileReference; fileEncoding = 4; lastKnownFileType = sourcecode.c.objc; path = HMSchoolInfoModel.m; sourceTree = "<group>"; };
		B865C1711BDC9F1C00C1E681 /* HMPortraitInfoModel.h */ = {isa = PBXFileReference; fileEncoding = 4; lastKnownFileType = sourcecode.c.h; path = HMPortraitInfoModel.h; sourceTree = "<group>"; };
		B865C1721BDC9F1C00C1E681 /* HMPortraitInfoModel.m */ = {isa = PBXFileReference; fileEncoding = 4; lastKnownFileType = sourcecode.c.objc; path = HMPortraitInfoModel.m; sourceTree = "<group>"; };
		B865C1741BDCA0B400C1E681 /* RefreshTableView.h */ = {isa = PBXFileReference; fileEncoding = 4; lastKnownFileType = sourcecode.c.h; path = RefreshTableView.h; sourceTree = "<group>"; };
		B865C1751BDCA0B400C1E681 /* RefreshTableView.m */ = {isa = PBXFileReference; fileEncoding = 4; lastKnownFileType = sourcecode.c.objc; path = RefreshTableView.m; sourceTree = "<group>"; };
		B865C1771BDCA49400C1E681 /* CourseSummaryListCell.h */ = {isa = PBXFileReference; fileEncoding = 4; lastKnownFileType = sourcecode.c.h; path = CourseSummaryListCell.h; sourceTree = "<group>"; };
		B865C1781BDCA49400C1E681 /* CourseSummaryListCell.m */ = {isa = PBXFileReference; fileEncoding = 4; lastKnownFileType = sourcecode.c.objc; path = CourseSummaryListCell.m; sourceTree = "<group>"; };
		B865C17A1BDCA4A300C1E681 /* CourseSummaryDayCell.h */ = {isa = PBXFileReference; fileEncoding = 4; lastKnownFileType = sourcecode.c.h; path = CourseSummaryDayCell.h; sourceTree = "<group>"; };
		B865C17B1BDCA4A300C1E681 /* CourseSummaryDayCell.m */ = {isa = PBXFileReference; fileEncoding = 4; lastKnownFileType = sourcecode.c.objc; path = CourseSummaryDayCell.m; sourceTree = "<group>"; };
		B865C17D1BDCA4D600C1E681 /* PortraitView.h */ = {isa = PBXFileReference; fileEncoding = 4; lastKnownFileType = sourcecode.c.h; path = PortraitView.h; sourceTree = "<group>"; };
		B865C17E1BDCA4D600C1E681 /* PortraitView.m */ = {isa = PBXFileReference; fileEncoding = 4; lastKnownFileType = sourcecode.c.objc; path = PortraitView.m; sourceTree = "<group>"; };
		B865C1801BDD2DE800C1E681 /* BaseModelMethod.h */ = {isa = PBXFileReference; fileEncoding = 4; lastKnownFileType = sourcecode.c.h; path = BaseModelMethod.h; sourceTree = "<group>"; };
		B865C1811BDD2DE800C1E681 /* BaseModelMethod.m */ = {isa = PBXFileReference; fileEncoding = 4; lastKnownFileType = sourcecode.c.objc; path = BaseModelMethod.m; sourceTree = "<group>"; };
		B86EB3511BDB50EB0014EBD7 /* HeiMao_B.app */ = {isa = PBXFileReference; explicitFileType = wrapper.application; includeInIndex = 0; path = HeiMao_B.app; sourceTree = BUILT_PRODUCTS_DIR; };
		B86EB3551BDB50EB0014EBD7 /* main.m */ = {isa = PBXFileReference; lastKnownFileType = sourcecode.c.objc; path = main.m; sourceTree = "<group>"; };
		B86EB3571BDB50EB0014EBD7 /* AppDelegate.h */ = {isa = PBXFileReference; lastKnownFileType = sourcecode.c.h; path = AppDelegate.h; sourceTree = "<group>"; };
		B86EB3581BDB50EB0014EBD7 /* AppDelegate.m */ = {isa = PBXFileReference; lastKnownFileType = sourcecode.c.objc; path = AppDelegate.m; sourceTree = "<group>"; };
		B86EB3601BDB50EB0014EBD7 /* Assets.xcassets */ = {isa = PBXFileReference; lastKnownFileType = folder.assetcatalog; name = Assets.xcassets; path = HeiMao_B/Assets.xcassets; sourceTree = "<group>"; };
		B86EB3651BDB50EB0014EBD7 /* Info.plist */ = {isa = PBXFileReference; lastKnownFileType = text.plist.xml; name = Info.plist; path = HeiMao_B/Info.plist; sourceTree = "<group>"; };
		B8AFED171BDB96AC00EF8726 /* CourseViewController.h */ = {isa = PBXFileReference; fileEncoding = 4; lastKnownFileType = sourcecode.c.h; path = CourseViewController.h; sourceTree = "<group>"; };
		B8AFED181BDB96AC00EF8726 /* CourseViewController.m */ = {isa = PBXFileReference; fileEncoding = 4; lastKnownFileType = sourcecode.c.objc; path = CourseViewController.m; sourceTree = "<group>"; };
		B8AFED1B1BDB988000EF8726 /* TeacherCenterController.h */ = {isa = PBXFileReference; fileEncoding = 4; lastKnownFileType = sourcecode.c.h; path = TeacherCenterController.h; sourceTree = "<group>"; };
		B8AFED1C1BDB988000EF8726 /* TeacherCenterController.m */ = {isa = PBXFileReference; fileEncoding = 4; lastKnownFileType = sourcecode.c.objc; path = TeacherCenterController.m; sourceTree = "<group>"; };
		B8C4584C1BDB571A00901F71 /* PrefixHeader.pch */ = {isa = PBXFileReference; fileEncoding = 4; lastKnownFileType = sourcecode.c.h; path = PrefixHeader.pch; sourceTree = "<group>"; };
		B8C458551BDB592B00901F71 /* HMNagationController.h */ = {isa = PBXFileReference; fileEncoding = 4; lastKnownFileType = sourcecode.c.h; path = HMNagationController.h; sourceTree = "<group>"; };
		B8C458561BDB592B00901F71 /* HMNagationController.m */ = {isa = PBXFileReference; fileEncoding = 4; lastKnownFileType = sourcecode.c.objc; path = HMNagationController.m; sourceTree = "<group>"; };
		B8C4585A1BDB59AC00901F71 /* AFNetworkActivityLogger.h */ = {isa = PBXFileReference; fileEncoding = 4; lastKnownFileType = sourcecode.c.h; path = AFNetworkActivityLogger.h; sourceTree = "<group>"; };
		B8C4585B1BDB59AC00901F71 /* AFNetworkActivityLogger.m */ = {isa = PBXFileReference; fileEncoding = 4; lastKnownFileType = sourcecode.c.objc; path = AFNetworkActivityLogger.m; sourceTree = "<group>"; };
		B8C4585D1BDB59AC00901F71 /* Header.h */ = {isa = PBXFileReference; fileEncoding = 4; lastKnownFileType = sourcecode.c.h; path = Header.h; sourceTree = "<group>"; };
		B8C4585E1BDB59AC00901F71 /* YiRefreshFooter.h */ = {isa = PBXFileReference; fileEncoding = 4; lastKnownFileType = sourcecode.c.h; path = YiRefreshFooter.h; sourceTree = "<group>"; };
		B8C4585F1BDB59AC00901F71 /* YiRefreshFooter.m */ = {isa = PBXFileReference; fileEncoding = 4; lastKnownFileType = sourcecode.c.objc; path = YiRefreshFooter.m; sourceTree = "<group>"; };
		B8C458601BDB59AC00901F71 /* YiRefreshHeader.h */ = {isa = PBXFileReference; fileEncoding = 4; lastKnownFileType = sourcecode.c.h; path = YiRefreshHeader.h; sourceTree = "<group>"; };
		B8C458611BDB59AC00901F71 /* YiRefreshHeader.m */ = {isa = PBXFileReference; fileEncoding = 4; lastKnownFileType = sourcecode.c.objc; path = YiRefreshHeader.m; sourceTree = "<group>"; };
		B8C458631BDB59AC00901F71 /* RFSegmentView.h */ = {isa = PBXFileReference; fileEncoding = 4; lastKnownFileType = sourcecode.c.h; path = RFSegmentView.h; sourceTree = "<group>"; };
		B8C458641BDB59AC00901F71 /* RFSegmentView.m */ = {isa = PBXFileReference; fileEncoding = 4; lastKnownFileType = sourcecode.c.objc; path = RFSegmentView.m; sourceTree = "<group>"; };
		B8C458661BDB59AC00901F71 /* Dlog.h */ = {isa = PBXFileReference; fileEncoding = 4; lastKnownFileType = sourcecode.c.h; path = Dlog.h; sourceTree = "<group>"; };
		B8C458671BDB59AC00901F71 /* SWCommonMacro.h */ = {isa = PBXFileReference; fileEncoding = 4; lastKnownFileType = sourcecode.c.h; path = SWCommonMacro.h; sourceTree = "<group>"; };
		B8C458681BDB59AC00901F71 /* UIView+Sizes.h */ = {isa = PBXFileReference; fileEncoding = 4; lastKnownFileType = sourcecode.c.h; path = "UIView+Sizes.h"; sourceTree = "<group>"; };
		B8C458691BDB59AC00901F71 /* UIView+Sizes.m */ = {isa = PBXFileReference; fileEncoding = 4; lastKnownFileType = sourcecode.c.objc; path = "UIView+Sizes.m"; sourceTree = "<group>"; };
		B8C4586A1BDB59AC00901F71 /* UIView+TKCategory.h */ = {isa = PBXFileReference; fileEncoding = 4; lastKnownFileType = sourcecode.c.h; path = "UIView+TKCategory.h"; sourceTree = "<group>"; };
		B8C4586B1BDB59AC00901F71 /* UIView+TKCategory.m */ = {isa = PBXFileReference; fileEncoding = 4; lastKnownFileType = sourcecode.c.objc; path = "UIView+TKCategory.m"; sourceTree = "<group>"; };
		B8C4586C1BDB59AC00901F71 /* UIViewAdditions.h */ = {isa = PBXFileReference; fileEncoding = 4; lastKnownFileType = sourcecode.c.h; path = UIViewAdditions.h; sourceTree = "<group>"; };
		B8C4586D1BDB59AC00901F71 /* UIViewAdditions.m */ = {isa = PBXFileReference; fileEncoding = 4; lastKnownFileType = sourcecode.c.objc; path = UIViewAdditions.m; sourceTree = "<group>"; };
		B8C4587A1BDB5ABB00901F71 /* NSDictionary+StrDic.h */ = {isa = PBXFileReference; fileEncoding = 4; lastKnownFileType = sourcecode.c.h; path = "NSDictionary+StrDic.h"; sourceTree = "<group>"; };
		B8C4587B1BDB5ABB00901F71 /* NSDictionary+StrDic.m */ = {isa = PBXFileReference; fileEncoding = 4; lastKnownFileType = sourcecode.c.objc; path = "NSDictionary+StrDic.m"; sourceTree = "<group>"; };
		B8C4587E1BDB5B5C00901F71 /* ToastAlertView.h */ = {isa = PBXFileReference; fileEncoding = 4; lastKnownFileType = sourcecode.c.h; path = ToastAlertView.h; sourceTree = "<group>"; };
		B8C4587F1BDB5B5C00901F71 /* ToastAlertView.m */ = {isa = PBXFileReference; fileEncoding = 4; lastKnownFileType = sourcecode.c.objc; path = ToastAlertView.m; sourceTree = "<group>"; };
		B8C458821BDB5B8E00901F71 /* UIViewController+Method.h */ = {isa = PBXFileReference; fileEncoding = 4; lastKnownFileType = sourcecode.c.h; path = "UIViewController+Method.h"; sourceTree = "<group>"; };
		B8C458831BDB5B8E00901F71 /* UIViewController+Method.m */ = {isa = PBXFileReference; fileEncoding = 4; lastKnownFileType = sourcecode.c.objc; path = "UIViewController+Method.m"; sourceTree = "<group>"; };
		B8C458861BDB5BAD00901F71 /* NetWorkEntiry.h */ = {isa = PBXFileReference; fileEncoding = 4; lastKnownFileType = sourcecode.c.h; path = NetWorkEntiry.h; sourceTree = "<group>"; };
		B8C458871BDB5BAD00901F71 /* NetWorkEntiry.m */ = {isa = PBXFileReference; fileEncoding = 4; lastKnownFileType = sourcecode.c.objc; path = NetWorkEntiry.m; sourceTree = "<group>"; };
		B8FFDF651BDE78E6005BD535 /* FDCalendar.h */ = {isa = PBXFileReference; fileEncoding = 4; lastKnownFileType = sourcecode.c.h; path = FDCalendar.h; sourceTree = "<group>"; };
		B8FFDF661BDE78E6005BD535 /* FDCalendar.m */ = {isa = PBXFileReference; fileEncoding = 4; lastKnownFileType = sourcecode.c.objc; path = FDCalendar.m; sourceTree = "<group>"; };
		B8FFDF671BDE78E6005BD535 /* FDCalendarItem.h */ = {isa = PBXFileReference; fileEncoding = 4; lastKnownFileType = sourcecode.c.h; path = FDCalendarItem.h; sourceTree = "<group>"; };
		B8FFDF681BDE78E6005BD535 /* FDCalendarItem.m */ = {isa = PBXFileReference; fileEncoding = 4; lastKnownFileType = sourcecode.c.objc; path = FDCalendarItem.m; sourceTree = "<group>"; };
/* End PBXFileReference section */

/* Begin PBXFrameworksBuildPhase section */
		B86EB34E1BDB50EB0014EBD7 /* Frameworks */ = {
			isa = PBXFrameworksBuildPhase;
			buildActionMask = 2147483647;
			files = (
				A34DBFD2C488A5CB6E7E2EFC /* libPods.a in Frameworks */,
			);
			runOnlyForDeploymentPostprocessing = 0;
		};
/* End PBXFrameworksBuildPhase section */

/* Begin PBXGroup section */
		B23983D2EE43E3BC88B5F3F2 /* Pods */ = {
			isa = PBXGroup;
			children = (
				1371250ABB78626F8329AC98 /* Pods.debug.xcconfig */,
				61865CEFE68BFD5A7D344240 /* Pods.release.xcconfig */,
			);
			name = Pods;
			sourceTree = "<group>";
		};
		B636E4EC57D3A22E3FC68559 /* Frameworks */ = {
			isa = PBXGroup;
			children = (
				2823AFD5ABA09767DD4F0623 /* libPods.a */,
			);
			name = Frameworks;
			sourceTree = "<group>";
		};
		B84479CF1BDF745D004E5E15 /* CourseDetailViewController */ = {
			isa = PBXGroup;
			children = (
				B84479D01BDF74AA004E5E15 /* CourseDetailViewController.h */,
				B84479D11BDF74AA004E5E15 /* CourseDetailViewController.m */,
				B84479D31BDF7890004E5E15 /* CourseDetailView.h */,
				B84479D41BDF7890004E5E15 /* CourseDetailView.m */,
			);
			name = CourseDetailViewController;
			path = OrderViewController;
			sourceTree = "<group>";
		};
		B84479DC1BE0710A004E5E15 /* StudentHomeController */ = {
			isa = PBXGroup;
			children = (
				B84479DD1BE07129004E5E15 /* SutdentHomeController.h */,
				B84479DE1BE07129004E5E15 /* SutdentHomeController.m */,
				B84479E31BE07A46004E5E15 /* StudentHomeUserBasicInfoCell.h */,
				B84479E41BE07A46004E5E15 /* StudentHomeUserBasicInfoCell.m */,
				B84479E61BE07B7A004E5E15 /* StudentHomeUserCourseInfoCell.h */,
				B84479E71BE07B7A004E5E15 /* StudentHomeUserCourseInfoCell.m */,
				B84479E91BE099D9004E5E15 /* StudentHomeRecomendCell.h */,
				B84479EA1BE099D9004E5E15 /* StudentHomeRecomendCell.m */,
			);
			name = StudentHomeController;
			sourceTree = "<group>";
		};
		B8447A021BE0D281004E5E15 /* CourseCancelController */ = {
			isa = PBXGroup;
			children = (
				B8447A091BE0D394004E5E15 /* PickerItemView.h */,
				B8447A0A1BE0D394004E5E15 /* PickerItemView.m */,
				B8447A0F1BE0D8C4004E5E15 /* PickListView.h */,
				B8447A101BE0D8C4004E5E15 /* PickListView.m */,
				B8447A151BE0E456004E5E15 /* CoursePicListCell.h */,
				B8447A161BE0E456004E5E15 /* CoursePicListCell.m */,
				B8447A121BE0DE09004E5E15 /* CourseDesInPutCell.h */,
				B8447A131BE0DE09004E5E15 /* CourseDesInPutCell.m */,
				B8447A181BE1BEC2004E5E15 /* CourseEnsureCell.h */,
				B8447A191BE1BEC2004E5E15 /* CourseEnsureCell.m */,
				B8447A061BE0D2E3004E5E15 /* CourseCancelController.h */,
				B8447A071BE0D2E3004E5E15 /* CourseCancelController.m */,
			);
			name = CourseCancelController;
			sourceTree = "<group>";
		};
		B8447A1C1BE1CBF6004E5E15 /* CoureseRatingController */ = {
			isa = PBXGroup;
			children = (
				B8447A1D1BE1CC0D004E5E15 /* CoureseRatingController.h */,
				B8447A1E1BE1CC0D004E5E15 /* CoureseRatingController.m */,
				B8447A231BE1CC9E004E5E15 /* CourseRatingUserInfoCell.h */,
				B8447A241BE1CC9E004E5E15 /* CourseRatingUserInfoCell.m */,
				B8447A261BE1E150004E5E15 /* CourseRatingCell.h */,
				B8447A271BE1E150004E5E15 /* CourseRatingCell.m */,
				B8447A201BE1CC25004E5E15 /* CWStarRateView.h */,
				B8447A211BE1CC25004E5E15 /* CWStarRateView.m */,
			);
			name = CoureseRatingController;
			sourceTree = "<group>";
		};
		B865C1601BDC953E00C1E681 /* DataModel */ = {
			isa = PBXGroup;
			children = (
				B865C1671BDC970700C1E681 /* ModelDefine.h */,
				B865C1801BDD2DE800C1E681 /* BaseModelMethod.h */,
				B865C1811BDD2DE800C1E681 /* BaseModelMethod.m */,
				B865C1611BDC95B000C1E681 /* HMCourseModel.h */,
				B865C1621BDC95B000C1E681 /* HMCourseModel.m */,
				B865C1641BDC969700C1E681 /* HMStudentModel.h */,
				B865C1651BDC969700C1E681 /* HMStudentModel.m */,
				B84479E01BE0765B004E5E15 /* HMRecomendModel.h */,
				B84479E11BE0765B004E5E15 /* HMRecomendModel.m */,
				B865C1711BDC9F1C00C1E681 /* HMPortraitInfoModel.h */,
				B865C1721BDC9F1C00C1E681 /* HMPortraitInfoModel.m */,
				B865C1681BDC9ABB00C1E681 /* HMClassInfoModel.h */,
				B865C1691BDC9ABB00C1E681 /* HMClassInfoModel.m */,
				B865C16E1BDC9D8E00C1E681 /* HMSchoolInfoModel.h */,
				B865C16F1BDC9D8E00C1E681 /* HMSchoolInfoModel.m */,
			);
			name = DataModel;
			path = ..;
			sourceTree = "<group>";
		};
		B86EB3481BDB50EB0014EBD7 = {
			isa = PBXGroup;
			children = (
				B86EB3531BDB50EB0014EBD7 /* HeiMao_B */,
				B86EB3601BDB50EB0014EBD7 /* Assets.xcassets */,
				B86EB3651BDB50EB0014EBD7 /* Info.plist */,
				B86EB3521BDB50EB0014EBD7 /* Products */,
				B23983D2EE43E3BC88B5F3F2 /* Pods */,
				B636E4EC57D3A22E3FC68559 /* Frameworks */,
			);
			sourceTree = "<group>";
		};
		B86EB3521BDB50EB0014EBD7 /* Products */ = {
			isa = PBXGroup;
			children = (
				B86EB3511BDB50EB0014EBD7 /* HeiMao_B.app */,
			);
			name = Products;
			sourceTree = "<group>";
		};
		B86EB3531BDB50EB0014EBD7 /* HeiMao_B */ = {
			isa = PBXGroup;
			children = (
				B86EB3571BDB50EB0014EBD7 /* AppDelegate.h */,
				B86EB3581BDB50EB0014EBD7 /* AppDelegate.m */,
				B8C4584C1BDB571A00901F71 /* PrefixHeader.pch */,
				B865C1601BDC953E00C1E681 /* DataModel */,
				B8AFED161BDB96A000EF8726 /* CourseSummaryController */,
				B84479DC1BE0710A004E5E15 /* StudentHomeController */,
				B84479CF1BDF745D004E5E15 /* CourseDetailViewController */,
				B8447A021BE0D281004E5E15 /* CourseCancelController */,
				B8447A1C1BE1CBF6004E5E15 /* CoureseRatingController */,
				B8C458541BDB592B00901F71 /* NavigationController */,
				B8AFED1A1BDB983B00EF8726 /* TeacherController */,
				B8C458851BDB5B9200901F71 /* NetWorkEntity */,
				B8C458811BDB5B7600901F71 /* Common */,
				B8C458581BDB59AC00901F71 /* ThirdPary */,
				B86EB3541BDB50EB0014EBD7 /* Supporting Files */,
			);
			path = HeiMao_B;
			sourceTree = "<group>";
		};
		B86EB3541BDB50EB0014EBD7 /* Supporting Files */ = {
			isa = PBXGroup;
			children = (
				B86EB3551BDB50EB0014EBD7 /* main.m */,
			);
			name = "Supporting Files";
			sourceTree = "<group>";
		};
		B8AFED161BDB96A000EF8726 /* CourseSummaryController */ = {
			isa = PBXGroup;
			children = (
				B8AFED171BDB96AC00EF8726 /* CourseViewController.h */,
				B8AFED181BDB96AC00EF8726 /* CourseViewController.m */,
				B865C1771BDCA49400C1E681 /* CourseSummaryListCell.h */,
				B865C1781BDCA49400C1E681 /* CourseSummaryListCell.m */,
				B865C17A1BDCA4A300C1E681 /* CourseSummaryDayCell.h */,
				B865C17B1BDCA4A300C1E681 /* CourseSummaryDayCell.m */,
			);
			name = CourseSummaryController;
			path = OrderViewController;
			sourceTree = "<group>";
		};
		B8AFED1A1BDB983B00EF8726 /* TeacherController */ = {
			isa = PBXGroup;
			children = (
				B8AFED1B1BDB988000EF8726 /* TeacherCenterController.h */,
				B8AFED1C1BDB988000EF8726 /* TeacherCenterController.m */,
			);
			name = TeacherController;
			path = MyUserController;
			sourceTree = "<group>";
		};
		B8C458541BDB592B00901F71 /* NavigationController */ = {
			isa = PBXGroup;
			children = (
				B8C458551BDB592B00901F71 /* HMNagationController.h */,
				B8C458561BDB592B00901F71 /* HMNagationController.m */,
				B80F1B6E1BE26785008D5843 /* UITabBar+RedHot.h */,
				B80F1B6F1BE26785008D5843 /* UITabBar+RedHot.m */,
			);
			path = NavigationController;
			sourceTree = "<group>";
		};
		B8C458581BDB59AC00901F71 /* ThirdPary */ = {
			isa = PBXGroup;
			children = (
				B8FFDF641BDE78E6005BD535 /* FDCalendar */,
				B8C4587D1BDB5B5C00901F71 /* ToastAlertView */,
				B8C458791BDB5ABB00901F71 /* SafeDic */,
				B8C458591BDB59AC00901F71 /* AFNetworkActivityLogger */,
				B8C4585C1BDB59AC00901F71 /* Refresh */,
				B8C458621BDB59AC00901F71 /* RFSegmentView */,
				B8C458651BDB59AC00901F71 /* UIView+Sizes */,
			);
			path = ThirdPary;
			sourceTree = "<group>";
		};
		B8C458591BDB59AC00901F71 /* AFNetworkActivityLogger */ = {
			isa = PBXGroup;
			children = (
				B8C4585A1BDB59AC00901F71 /* AFNetworkActivityLogger.h */,
				B8C4585B1BDB59AC00901F71 /* AFNetworkActivityLogger.m */,
			);
			path = AFNetworkActivityLogger;
			sourceTree = "<group>";
		};
		B8C4585C1BDB59AC00901F71 /* Refresh */ = {
			isa = PBXGroup;
			children = (
				B8C4585D1BDB59AC00901F71 /* Header.h */,
				B8C4585E1BDB59AC00901F71 /* YiRefreshFooter.h */,
				B8C4585F1BDB59AC00901F71 /* YiRefreshFooter.m */,
				B8C458601BDB59AC00901F71 /* YiRefreshHeader.h */,
				B8C458611BDB59AC00901F71 /* YiRefreshHeader.m */,
			);
			path = Refresh;
			sourceTree = "<group>";
		};
		B8C458621BDB59AC00901F71 /* RFSegmentView */ = {
			isa = PBXGroup;
			children = (
				B8C458631BDB59AC00901F71 /* RFSegmentView.h */,
				B8C458641BDB59AC00901F71 /* RFSegmentView.m */,
			);
			path = RFSegmentView;
			sourceTree = "<group>";
		};
		B8C458651BDB59AC00901F71 /* UIView+Sizes */ = {
			isa = PBXGroup;
			children = (
				B8C458661BDB59AC00901F71 /* Dlog.h */,
				B8C458671BDB59AC00901F71 /* SWCommonMacro.h */,
				B8C458681BDB59AC00901F71 /* UIView+Sizes.h */,
				B8C458691BDB59AC00901F71 /* UIView+Sizes.m */,
				B8C4586A1BDB59AC00901F71 /* UIView+TKCategory.h */,
				B8C4586B1BDB59AC00901F71 /* UIView+TKCategory.m */,
				B8C4586C1BDB59AC00901F71 /* UIViewAdditions.h */,
				B8C4586D1BDB59AC00901F71 /* UIViewAdditions.m */,
			);
			path = "UIView+Sizes";
			sourceTree = "<group>";
		};
		B8C458791BDB5ABB00901F71 /* SafeDic */ = {
			isa = PBXGroup;
			children = (
				B8C4587A1BDB5ABB00901F71 /* NSDictionary+StrDic.h */,
				B8C4587B1BDB5ABB00901F71 /* NSDictionary+StrDic.m */,
			);
			path = SafeDic;
			sourceTree = "<group>";
		};
		B8C4587D1BDB5B5C00901F71 /* ToastAlertView */ = {
			isa = PBXGroup;
			children = (
				B8C4587E1BDB5B5C00901F71 /* ToastAlertView.h */,
				B8C4587F1BDB5B5C00901F71 /* ToastAlertView.m */,
			);
			path = ToastAlertView;
			sourceTree = "<group>";
		};
		B8C458811BDB5B7600901F71 /* Common */ = {
			isa = PBXGroup;
			children = (
				B865C17D1BDCA4D600C1E681 /* PortraitView.h */,
				B865C17E1BDCA4D600C1E681 /* PortraitView.m */,
				B811E4671BDD3CF90077EAF5 /* NGOSegmentControl.h */,
				B811E4681BDD3CF90077EAF5 /* NGOSegmentControl.m */,
				B865C1741BDCA0B400C1E681 /* RefreshTableView.h */,
				B865C1751BDCA0B400C1E681 /* RefreshTableView.m */,
				B8C458821BDB5B8E00901F71 /* UIViewController+Method.h */,
				B8C458831BDB5B8E00901F71 /* UIViewController+Method.m */,
				B84479D91BDFB35D004E5E15 /* HMButton.h */,
				B84479DA1BDFB35D004E5E15 /* HMButton.m */,
			);
			name = Common;
			sourceTree = "<group>";
		};
		B8C458851BDB5B9200901F71 /* NetWorkEntity */ = {
			isa = PBXGroup;
			children = (
				B8C458861BDB5BAD00901F71 /* NetWorkEntiry.h */,
				B8C458871BDB5BAD00901F71 /* NetWorkEntiry.m */,
			);
			name = NetWorkEntity;
			sourceTree = "<group>";
		};
		B8FFDF641BDE78E6005BD535 /* FDCalendar */ = {
			isa = PBXGroup;
			children = (
				B8FFDF651BDE78E6005BD535 /* FDCalendar.h */,
				B8FFDF661BDE78E6005BD535 /* FDCalendar.m */,
				B8FFDF671BDE78E6005BD535 /* FDCalendarItem.h */,
				B8FFDF681BDE78E6005BD535 /* FDCalendarItem.m */,
			);
			path = FDCalendar;
			sourceTree = "<group>";
		};
/* End PBXGroup section */

/* Begin PBXNativeTarget section */
		B86EB3501BDB50EB0014EBD7 /* HeiMao_B */ = {
			isa = PBXNativeTarget;
			buildConfigurationList = B86EB3681BDB50EB0014EBD7 /* Build configuration list for PBXNativeTarget "HeiMao_B" */;
			buildPhases = (
				645EAEDC627068E72417072E /* Check Pods Manifest.lock */,
				B86EB34D1BDB50EB0014EBD7 /* Sources */,
				B86EB34E1BDB50EB0014EBD7 /* Frameworks */,
				B86EB34F1BDB50EB0014EBD7 /* Resources */,
				A30143097D6A7E2D3F024558 /* Copy Pods Resources */,
				61B7E27D52A438D81C48E845 /* Embed Pods Frameworks */,
			);
			buildRules = (
			);
			dependencies = (
			);
			name = HeiMao_B;
			productName = HeiMao_B;
			productReference = B86EB3511BDB50EB0014EBD7 /* HeiMao_B.app */;
			productType = "com.apple.product-type.application";
		};
/* End PBXNativeTarget section */

/* Begin PBXProject section */
		B86EB3491BDB50EB0014EBD7 /* Project object */ = {
			isa = PBXProject;
			attributes = {
				LastUpgradeCheck = 0700;
				ORGANIZATIONNAME = ke;
				TargetAttributes = {
					B86EB3501BDB50EB0014EBD7 = {
						CreatedOnToolsVersion = 7.0.1;
					};
				};
			};
			buildConfigurationList = B86EB34C1BDB50EB0014EBD7 /* Build configuration list for PBXProject "HeiMao_B" */;
			compatibilityVersion = "Xcode 3.2";
			developmentRegion = English;
			hasScannedForEncodings = 0;
			knownRegions = (
				en,
				Base,
			);
			mainGroup = B86EB3481BDB50EB0014EBD7;
			productRefGroup = B86EB3521BDB50EB0014EBD7 /* Products */;
			projectDirPath = "";
			projectRoot = "";
			targets = (
				B86EB3501BDB50EB0014EBD7 /* HeiMao_B */,
			);
		};
/* End PBXProject section */

/* Begin PBXResourcesBuildPhase section */
		B86EB34F1BDB50EB0014EBD7 /* Resources */ = {
			isa = PBXResourcesBuildPhase;
			buildActionMask = 2147483647;
			files = (
				B86EB3611BDB50EB0014EBD7 /* Assets.xcassets in Resources */,
			);
			runOnlyForDeploymentPostprocessing = 0;
		};
/* End PBXResourcesBuildPhase section */

/* Begin PBXShellScriptBuildPhase section */
		61B7E27D52A438D81C48E845 /* Embed Pods Frameworks */ = {
			isa = PBXShellScriptBuildPhase;
			buildActionMask = 2147483647;
			files = (
			);
			inputPaths = (
			);
			name = "Embed Pods Frameworks";
			outputPaths = (
			);
			runOnlyForDeploymentPostprocessing = 0;
			shellPath = /bin/sh;
			shellScript = "\"${SRCROOT}/Pods/Target Support Files/Pods/Pods-frameworks.sh\"\n";
			showEnvVarsInLog = 0;
		};
		645EAEDC627068E72417072E /* Check Pods Manifest.lock */ = {
			isa = PBXShellScriptBuildPhase;
			buildActionMask = 2147483647;
			files = (
			);
			inputPaths = (
			);
			name = "Check Pods Manifest.lock";
			outputPaths = (
			);
			runOnlyForDeploymentPostprocessing = 0;
			shellPath = /bin/sh;
			shellScript = "diff \"${PODS_ROOT}/../Podfile.lock\" \"${PODS_ROOT}/Manifest.lock\" > /dev/null\nif [[ $? != 0 ]] ; then\n    cat << EOM\nerror: The sandbox is not in sync with the Podfile.lock. Run 'pod install' or update your CocoaPods installation.\nEOM\n    exit 1\nfi\n";
			showEnvVarsInLog = 0;
		};
		A30143097D6A7E2D3F024558 /* Copy Pods Resources */ = {
			isa = PBXShellScriptBuildPhase;
			buildActionMask = 2147483647;
			files = (
			);
			inputPaths = (
			);
			name = "Copy Pods Resources";
			outputPaths = (
			);
			runOnlyForDeploymentPostprocessing = 0;
			shellPath = /bin/sh;
			shellScript = "\"${SRCROOT}/Pods/Target Support Files/Pods/Pods-resources.sh\"\n";
			showEnvVarsInLog = 0;
		};
/* End PBXShellScriptBuildPhase section */

/* Begin PBXSourcesBuildPhase section */
		B86EB34D1BDB50EB0014EBD7 /* Sources */ = {
			isa = PBXSourcesBuildPhase;
			buildActionMask = 2147483647;
			files = (
				B8C458571BDB592B00901F71 /* HMNagationController.m in Sources */,
				B8447A221BE1CC25004E5E15 /* CWStarRateView.m in Sources */,
				B8C458731BDB59AC00901F71 /* UIView+TKCategory.m in Sources */,
				B84479DF1BE07129004E5E15 /* SutdentHomeController.m in Sources */,
				B8C4586F1BDB59AC00901F71 /* YiRefreshFooter.m in Sources */,
				B8447A0B1BE0D394004E5E15 /* PickerItemView.m in Sources */,
				B8FFDF691BDE78E6005BD535 /* FDCalendar.m in Sources */,
				B80F1B701BE26785008D5843 /* UITabBar+RedHot.m in Sources */,
				B865C1821BDD2DE800C1E681 /* BaseModelMethod.m in Sources */,
				B8447A111BE0D8C4004E5E15 /* PickListView.m in Sources */,
				B84479E51BE07A46004E5E15 /* StudentHomeUserBasicInfoCell.m in Sources */,
				B8C458721BDB59AC00901F71 /* UIView+Sizes.m in Sources */,
				B84479D51BDF7890004E5E15 /* CourseDetailView.m in Sources */,
				B84479D21BDF74AA004E5E15 /* CourseDetailViewController.m in Sources */,
				B865C1701BDC9D8E00C1E681 /* HMSchoolInfoModel.m in Sources */,
				B84479E81BE07B7A004E5E15 /* StudentHomeUserCourseInfoCell.m in Sources */,
				B865C1661BDC969700C1E681 /* HMStudentModel.m in Sources */,
				B86EB3591BDB50EB0014EBD7 /* AppDelegate.m in Sources */,
				B8C458801BDB5B5C00901F71 /* ToastAlertView.m in Sources */,
				B865C17C1BDCA4A300C1E681 /* CourseSummaryDayCell.m in Sources */,
				B84479EB1BE099D9004E5E15 /* StudentHomeRecomendCell.m in Sources */,
				B8C4587C1BDB5ABB00901F71 /* NSDictionary+StrDic.m in Sources */,
				B8C4586E1BDB59AC00901F71 /* AFNetworkActivityLogger.m in Sources */,
				B865C1631BDC95B000C1E681 /* HMCourseModel.m in Sources */,
				B8C458741BDB59AC00901F71 /* UIViewAdditions.m in Sources */,
				B8447A1F1BE1CC0D004E5E15 /* CoureseRatingController.m in Sources */,
				B8C458711BDB59AC00901F71 /* RFSegmentView.m in Sources */,
				B8AFED191BDB96AC00EF8726 /* CourseViewController.m in Sources */,
				B8C458841BDB5B8E00901F71 /* UIViewController+Method.m in Sources */,
				B8447A281BE1E150004E5E15 /* CourseRatingCell.m in Sources */,
				B865C1791BDCA49400C1E681 /* CourseSummaryListCell.m in Sources */,
				B8447A1A1BE1BEC2004E5E15 /* CourseEnsureCell.m in Sources */,
				B811E4691BDD3CF90077EAF5 /* NGOSegmentControl.m in Sources */,
				B8447A141BE0DE09004E5E15 /* CourseDesInPutCell.m in Sources */,
				B84479DB1BDFB35D004E5E15 /* HMButton.m in Sources */,
				B865C17F1BDCA4D600C1E681 /* PortraitView.m in Sources */,
				B8447A251BE1CC9E004E5E15 /* CourseRatingUserInfoCell.m in Sources */,
				B8C458701BDB59AC00901F71 /* YiRefreshHeader.m in Sources */,
				B865C1731BDC9F1C00C1E681 /* HMPortraitInfoModel.m in Sources */,
				B865C1761BDCA0B400C1E681 /* RefreshTableView.m in Sources */,
				B8FFDF6A1BDE78E6005BD535 /* FDCalendarItem.m in Sources */,
				B84479E21BE0765B004E5E15 /* HMRecomendModel.m in Sources */,
				B8447A171BE0E456004E5E15 /* CoursePicListCell.m in Sources */,
				B865C16A1BDC9ABB00C1E681 /* HMClassInfoModel.m in Sources */,
				B8447A081BE0D2E3004E5E15 /* CourseCancelController.m in Sources */,
				B86EB3561BDB50EB0014EBD7 /* main.m in Sources */,
				B8AFED1D1BDB988000EF8726 /* TeacherCenterController.m in Sources */,
				B8C458881BDB5BAD00901F71 /* NetWorkEntiry.m in Sources */,
			);
			runOnlyForDeploymentPostprocessing = 0;
		};
/* End PBXSourcesBuildPhase section */

/* Begin XCBuildConfiguration section */
		B86EB3661BDB50EB0014EBD7 /* Debug */ = {
			isa = XCBuildConfiguration;
			buildSettings = {
				ALWAYS_SEARCH_USER_PATHS = NO;
				CLANG_CXX_LANGUAGE_STANDARD = "gnu++0x";
				CLANG_CXX_LIBRARY = "libc++";
				CLANG_ENABLE_MODULES = YES;
				CLANG_ENABLE_OBJC_ARC = YES;
				CLANG_WARN_BOOL_CONVERSION = YES;
				CLANG_WARN_CONSTANT_CONVERSION = YES;
				CLANG_WARN_DIRECT_OBJC_ISA_USAGE = YES_ERROR;
				CLANG_WARN_EMPTY_BODY = YES;
				CLANG_WARN_ENUM_CONVERSION = YES;
				CLANG_WARN_INT_CONVERSION = YES;
				CLANG_WARN_OBJC_ROOT_CLASS = YES_ERROR;
				CLANG_WARN_UNREACHABLE_CODE = YES;
				CLANG_WARN__DUPLICATE_METHOD_MATCH = YES;
				"CODE_SIGN_IDENTITY[sdk=iphoneos*]" = "iPhone Developer";
				COPY_PHASE_STRIP = NO;
				DEBUG_INFORMATION_FORMAT = dwarf;
				ENABLE_STRICT_OBJC_MSGSEND = YES;
				ENABLE_TESTABILITY = YES;
				GCC_C_LANGUAGE_STANDARD = gnu99;
				GCC_DYNAMIC_NO_PIC = NO;
				GCC_NO_COMMON_BLOCKS = YES;
				GCC_OPTIMIZATION_LEVEL = 0;
				GCC_PREPROCESSOR_DEFINITIONS = (
					"DEBUG=1",
					"$(inherited)",
				);
				GCC_WARN_64_TO_32_BIT_CONVERSION = YES;
				GCC_WARN_ABOUT_RETURN_TYPE = YES_ERROR;
				GCC_WARN_UNDECLARED_SELECTOR = YES;
				GCC_WARN_UNINITIALIZED_AUTOS = YES_AGGRESSIVE;
				GCC_WARN_UNUSED_FUNCTION = YES;
				GCC_WARN_UNUSED_VARIABLE = YES;
				IPHONEOS_DEPLOYMENT_TARGET = 9.0;
				MTL_ENABLE_DEBUG_INFO = YES;
				ONLY_ACTIVE_ARCH = YES;
				SDKROOT = iphoneos;
			};
			name = Debug;
		};
		B86EB3671BDB50EB0014EBD7 /* Release */ = {
			isa = XCBuildConfiguration;
			buildSettings = {
				ALWAYS_SEARCH_USER_PATHS = NO;
				CLANG_CXX_LANGUAGE_STANDARD = "gnu++0x";
				CLANG_CXX_LIBRARY = "libc++";
				CLANG_ENABLE_MODULES = YES;
				CLANG_ENABLE_OBJC_ARC = YES;
				CLANG_WARN_BOOL_CONVERSION = YES;
				CLANG_WARN_CONSTANT_CONVERSION = YES;
				CLANG_WARN_DIRECT_OBJC_ISA_USAGE = YES_ERROR;
				CLANG_WARN_EMPTY_BODY = YES;
				CLANG_WARN_ENUM_CONVERSION = YES;
				CLANG_WARN_INT_CONVERSION = YES;
				CLANG_WARN_OBJC_ROOT_CLASS = YES_ERROR;
				CLANG_WARN_UNREACHABLE_CODE = YES;
				CLANG_WARN__DUPLICATE_METHOD_MATCH = YES;
				"CODE_SIGN_IDENTITY[sdk=iphoneos*]" = "iPhone Developer";
				COPY_PHASE_STRIP = NO;
				DEBUG_INFORMATION_FORMAT = "dwarf-with-dsym";
				ENABLE_NS_ASSERTIONS = NO;
				ENABLE_STRICT_OBJC_MSGSEND = YES;
				GCC_C_LANGUAGE_STANDARD = gnu99;
				GCC_NO_COMMON_BLOCKS = YES;
				GCC_WARN_64_TO_32_BIT_CONVERSION = YES;
				GCC_WARN_ABOUT_RETURN_TYPE = YES_ERROR;
				GCC_WARN_UNDECLARED_SELECTOR = YES;
				GCC_WARN_UNINITIALIZED_AUTOS = YES_AGGRESSIVE;
				GCC_WARN_UNUSED_FUNCTION = YES;
				GCC_WARN_UNUSED_VARIABLE = YES;
				IPHONEOS_DEPLOYMENT_TARGET = 9.0;
				MTL_ENABLE_DEBUG_INFO = NO;
				SDKROOT = iphoneos;
				VALIDATE_PRODUCT = YES;
			};
			name = Release;
		};
		B86EB3691BDB50EB0014EBD7 /* Debug */ = {
			isa = XCBuildConfiguration;
			baseConfigurationReference = 1371250ABB78626F8329AC98 /* Pods.debug.xcconfig */;
			buildSettings = {
				ASSETCATALOG_COMPILER_APPICON_NAME = AppIcon;
				"CODE_SIGN_IDENTITY[sdk=iphoneos*]" = "iPhone Developer: Guobin Shen (69F6W58BNP)";
				GCC_PREFIX_HEADER = "$(SRCROOT)/HeiMao_B/PrefixHeader.pch";
				INFOPLIST_FILE = HeiMao_B/Info.plist;
				IPHONEOS_DEPLOYMENT_TARGET = 7.0;
				LD_RUNPATH_SEARCH_PATHS = "$(inherited) @executable_path/Frameworks";
				PRODUCT_BUNDLE_IDENTIFIER = "heimao.HeiMao-B";
				PRODUCT_NAME = "$(TARGET_NAME)";
				PROVISIONING_PROFILE = "13104a99-ec36-48b4-8def-a313f94fdd29";
			};
			name = Debug;
		};
		B86EB36A1BDB50EB0014EBD7 /* Release */ = {
			isa = XCBuildConfiguration;
			baseConfigurationReference = 61865CEFE68BFD5A7D344240 /* Pods.release.xcconfig */;
			buildSettings = {
				ASSETCATALOG_COMPILER_APPICON_NAME = AppIcon;
				"CODE_SIGN_IDENTITY[sdk=iphoneos*]" = "iPhone Developer: Guobin Shen (69F6W58BNP)";
				GCC_PREFIX_HEADER = "$(SRCROOT)/HeiMao_B/PrefixHeader.pch";
				INFOPLIST_FILE = HeiMao_B/Info.plist;
				IPHONEOS_DEPLOYMENT_TARGET = 7.0;
				LD_RUNPATH_SEARCH_PATHS = "$(inherited) @executable_path/Frameworks";
				PRODUCT_BUNDLE_IDENTIFIER = "heimao.HeiMao-B";
				PRODUCT_NAME = "$(TARGET_NAME)";
				PROVISIONING_PROFILE = "13104a99-ec36-48b4-8def-a313f94fdd29";
			};
			name = Release;
		};
/* End XCBuildConfiguration section */

/* Begin XCConfigurationList section */
		B86EB34C1BDB50EB0014EBD7 /* Build configuration list for PBXProject "HeiMao_B" */ = {
			isa = XCConfigurationList;
			buildConfigurations = (
				B86EB3661BDB50EB0014EBD7 /* Debug */,
				B86EB3671BDB50EB0014EBD7 /* Release */,
			);
			defaultConfigurationIsVisible = 0;
			defaultConfigurationName = Release;
		};
		B86EB3681BDB50EB0014EBD7 /* Build configuration list for PBXNativeTarget "HeiMao_B" */ = {
			isa = XCConfigurationList;
			buildConfigurations = (
				B86EB3691BDB50EB0014EBD7 /* Debug */,
				B86EB36A1BDB50EB0014EBD7 /* Release */,
			);
			defaultConfigurationIsVisible = 0;
			defaultConfigurationName = Release;
		};
/* End XCConfigurationList section */
	};
	rootObject = B86EB3491BDB50EB0014EBD7 /* Project object */;
}
